
Microsoft Visual Studio Solution File, Format Version 12.00
# Visual Studio Version 16
VisualStudioVersion = 16.0.32002.261
MinimumVisualStudioVersion = 10.0.40219.1
Project("{9A19103F-16F7-4668-BE54-9A1E7A4F7556}") = "StudentInfo", "ProgrammingFundamentals\StudentInfo.csproj", "{DEE26381-BA84-431D-9D15-42DC8F58E697}"
EndProject
Project("{2150E333-8FDC-42A3-9474-1A3956D46DE8}") = "BasicSyntax", "BasicSyntax", "{75B748DA-FBD9-48DD-9D25-45D2EE0208AA}"
EndProject
Project("{9A19103F-16F7-4668-BE54-9A1E7A4F7556}") = "Passed", "Passed\Passed.csproj", "{6224C1F8-E029-4F5F-B655-2D5BECF13BCB}"
EndProject
Project("{9A19103F-16F7-4668-BE54-9A1E7A4F7556}") = "PassedOrFailed", "PassedOrFailed\PassedOrFailed.csproj", "{22C59802-1CC3-482C-BED0-595E9E66BD40}"
EndProject
Project("{9A19103F-16F7-4668-BE54-9A1E7A4F7556}") = "BackIn30Mins", "BackIn30Mins\BackIn30Mins.csproj", "{BAF43B29-C181-4142-BF77-A2A74C1625E1}"
EndProject
Project("{9A19103F-16F7-4668-BE54-9A1E7A4F7556}") = "MonthPrinter", "MonthPrinter\MonthPrinter.csproj", "{91258171-5514-403F-A791-ADD92E8F70B4}"
EndProject
Project("{9A19103F-16F7-4668-BE54-9A1E7A4F7556}") = "ForeignLanguages", "ForeignLanguages\ForeignLanguages.csproj", "{03D391FE-2A67-4BB0-94A1-0E79700B5793}"
EndProject
Project("{9A19103F-16F7-4668-BE54-9A1E7A4F7556}") = "TheatrePromotions", "TheatrePromotions\TheatrePromotions.csproj", "{396200E4-D075-4B96-A8E8-6D37A9CBC723}"
EndProject
Project("{9A19103F-16F7-4668-BE54-9A1E7A4F7556}") = "DivisableBy3", "DivisableBy3\DivisableBy3.csproj", "{DC848185-FF91-4B3D-8C6E-9AC1069F2812}"
EndProject
Project("{9A19103F-16F7-4668-BE54-9A1E7A4F7556}") = "SumOfOddNums", "SumOfOddNums\SumOfOddNums.csproj", "{9B9D9221-6799-4A81-95AE-90C03C1996EB}"
EndProject
Project("{9A19103F-16F7-4668-BE54-9A1E7A4F7556}") = "MultiplicationTable", "MultiplicationTable\MultiplicationTable.csproj", "{A131AD30-978E-4E0C-B7B1-99ADE2CA683B}"
EndProject
Project("{9A19103F-16F7-4668-BE54-9A1E7A4F7556}") = "MultiplicationTable2.0", "MultiplicationTable2.0\MultiplicationTable2.0.csproj", "{9271E76D-F827-4032-8BF9-64484265CE50}"
EndProject
Project("{9A19103F-16F7-4668-BE54-9A1E7A4F7556}") = "EvenNumber", "EvenNumber\EvenNumber.csproj", "{680CE802-0D17-46AF-AB7D-3DCB9D362B24}"
EndProject
Project("{9A19103F-16F7-4668-BE54-9A1E7A4F7556}") = "CodeDebuging", "CodeDebuging\CodeDebuging.csproj", "{ACB0D078-F626-4B69-8B87-EEADB9C68BF1}"
EndProject
Project("{2150E333-8FDC-42A3-9474-1A3956D46DE8}") = "BasicSyntaxExercise", "BasicSyntaxExercise", "{3D868B4F-4EB0-47CB-8691-C79DC26DEB66}"
EndProject
Project("{9A19103F-16F7-4668-BE54-9A1E7A4F7556}") = "Ages", "Ages\Ages.csproj", "{97AB0998-5403-4B53-B0C2-27F70D3EB720}"
EndProject
Project("{9A19103F-16F7-4668-BE54-9A1E7A4F7556}") = "Division", "Division\Division.csproj", "{A1CBA33E-F49A-4F04-929A-DC6B752BD0E3}"
EndProject
Project("{9A19103F-16F7-4668-BE54-9A1E7A4F7556}") = "Vacation", "Vacation\Vacation.csproj", "{8579E0AD-C294-467E-887F-648F3426299B}"
EndProject
Project("{9A19103F-16F7-4668-BE54-9A1E7A4F7556}") = "PrintAndSum", "PrintAndSum\PrintAndSum.csproj", "{6BBA4F3B-7B76-41E0-9C30-DCCD53DB161F}"
EndProject
Project("{9A19103F-16F7-4668-BE54-9A1E7A4F7556}") = "Login", "Login\Login.csproj", "{F2B0EC39-B4A7-4950-AF9B-8A0A76D962B4}"
EndProject
Project("{9A19103F-16F7-4668-BE54-9A1E7A4F7556}") = "StrongNumber", "StrongNumber\StrongNumber.csproj", "{15556068-9249-441A-B5E6-802FAB2BCEFF}"
EndProject
Project("{9A19103F-16F7-4668-BE54-9A1E7A4F7556}") = "VendingMachine", "VendingMachine\VendingMachine.csproj", "{4F60F91A-B53C-45FC-834B-1F4F975BF008}"
EndProject
Project("{9A19103F-16F7-4668-BE54-9A1E7A4F7556}") = "TriangleOfNumbers", "TriangleOfNumbers\TriangleOfNumbers.csproj", "{9E5DFF5A-7CD7-4C70-8B89-408ADA9DA625}"
EndProject
Project("{9A19103F-16F7-4668-BE54-9A1E7A4F7556}") = "PadwanEquipment", "PadwanEquipment\PadwanEquipment.csproj", "{B0A28E28-6692-430D-B4A5-8D99753571CD}"
EndProject
Project("{9A19103F-16F7-4668-BE54-9A1E7A4F7556}") = "RageExpenses", "RageExpenses\RageExpenses.csproj", "{8282F57A-BB06-4C60-8EA2-0F200C590363}"
EndProject
Project("{9A19103F-16F7-4668-BE54-9A1E7A4F7556}") = "Orders", "Orders\Orders.csproj", "{A78A395B-7C4F-4943-A4BE-D84D0E8673F4}"
EndProject
Project("{9A19103F-16F7-4668-BE54-9A1E7A4F7556}") = "SortNumbers", "SortNumbers\SortNumbers.csproj", "{FFA44A2F-B4AF-48D5-92A6-E28C0744961A}"
EndProject
Project("{9A19103F-16F7-4668-BE54-9A1E7A4F7556}") = "LastDigitInEnglish", "LastDigitInEnglish\LastDigitInEnglish.csproj", "{80AD06A5-3D24-4AE8-BD0C-A0FAC7E7F0B8}"
EndProject
Project("{9A19103F-16F7-4668-BE54-9A1E7A4F7556}") = "GamingStore", "GamingStore\GamingStore.csproj", "{D6D9F56A-A32B-47BE-A423-F253C95DCC91}"
EndProject
Project("{9A19103F-16F7-4668-BE54-9A1E7A4F7556}") = "ReverseString", "ReverseString\ReverseString.csproj", "{9BC3E884-26CE-4A6E-9728-7EFECB35AB96}"
EndProject
Project("{9A19103F-16F7-4668-BE54-9A1E7A4F7556}") = "PhoneKeyPad", "PhoneKeyPad\PhoneKeyPad.csproj", "{80DC3EFF-3378-4561-899F-79FAEB8C0DBC}"
EndProject
Project("{2150E333-8FDC-42A3-9474-1A3956D46DE8}") = "DataTypesAndVars", "DataTypesAndVars", "{463D5051-6165-4599-8C0B-906B6BC92BE3}"
EndProject
Project("{9A19103F-16F7-4668-BE54-9A1E7A4F7556}") = "ConvertMetersToKilos", "ConvertMetersToKilos\ConvertMetersToKilos.csproj", "{A92E4812-524D-4B1F-B0A6-6D909766610E}"
EndProject
Project("{9A19103F-16F7-4668-BE54-9A1E7A4F7556}") = "PoundsToDollars", "PoundsToDollars\PoundsToDollars.csproj", "{2AE8BF2F-F750-422F-99CB-3CDE0278592D}"
EndProject
Project("{9A19103F-16F7-4668-BE54-9A1E7A4F7556}") = "ExactSumOfRealNums", "ExactSumOfRealNums\ExactSumOfRealNums.csproj", "{B49E8754-1E20-4A5B-9419-EF3EA36AD170}"
EndProject
Project("{9A19103F-16F7-4668-BE54-9A1E7A4F7556}") = "CenturiesToMinutes", "CenturiesToMinutes\CenturiesToMinutes.csproj", "{6392B5B6-E3C2-46AA-8200-7E612EF2225F}"
EndProject
Project("{9A19103F-16F7-4668-BE54-9A1E7A4F7556}") = "StrongNums", "StrongNums\StrongNums.csproj", "{513E275F-6C24-49E6-AFB4-347F03DBE802}"
EndProject
Project("{9A19103F-16F7-4668-BE54-9A1E7A4F7556}") = "ReversedChars", "ReversedChars\ReversedChars.csproj", "{324BFD37-5C7F-4473-9E86-437A3F516B61}"
EndProject
Project("{9A19103F-16F7-4668-BE54-9A1E7A4F7556}") = "ConcatNames", "ConcatNames\ConcatNames.csproj", "{5161A198-5F07-44AF-BFA2-D4BFE7A48913}"
EndProject
Project("{9A19103F-16F7-4668-BE54-9A1E7A4F7556}") = "TownInfo", "TownInfo\TownInfo.csproj", "{DA8FCED5-6B99-40CC-847F-CD1CCDE66CC4}"
EndProject
Project("{9A19103F-16F7-4668-BE54-9A1E7A4F7556}") = "CharsToString", "CharsToString\CharsToString.csproj", "{1444B9BA-F2FB-4C8F-8961-E70809BBFFDF}"
EndProject
Project("{9A19103F-16F7-4668-BE54-9A1E7A4F7556}") = "UpperOrLower", "UpperOrLower\UpperOrLower.csproj", "{65A031B4-487A-4320-A97C-E8CE0B23DF0D}"
EndProject
Project("{9A19103F-16F7-4668-BE54-9A1E7A4F7556}") = "CodeRefactorPiramyd", "CodeRefactorPiramyd\CodeRefactorPiramyd.csproj", "{850EFBEB-8512-499D-911A-0B5D258C8836}"
EndProject
Project("{9A19103F-16F7-4668-BE54-9A1E7A4F7556}") = "CodeRefactoring", "CodeRefactoring\CodeRefactoring.csproj", "{4305F583-0F07-4CA6-80D4-BC693013C5F0}"
EndProject
Project("{2150E333-8FDC-42A3-9474-1A3956D46DE8}") = "DataTypeExercise", "DataTypeExercise", "{CA207F3E-43D5-477C-8B2A-21AFA4A58C36}"
EndProject
Project("{9A19103F-16F7-4668-BE54-9A1E7A4F7556}") = "IntengerOperations", "IntengerOperations\IntengerOperations.csproj", "{811FA78A-D0FA-4122-BEAB-BF789517F23C}"
EndProject
Project("{9A19103F-16F7-4668-BE54-9A1E7A4F7556}") = "SumOfDigits", "SumOfDigits\SumOfDigits.csproj", "{D87915E7-8562-495F-8443-FB3E7636A425}"
EndProject
Project("{9A19103F-16F7-4668-BE54-9A1E7A4F7556}") = "Elevator", "Elevator\Elevator.csproj", "{6EC85E6F-554A-4457-8A61-043D840D61BC}"
EndProject
Project("{9A19103F-16F7-4668-BE54-9A1E7A4F7556}") = "SumOfChars", "SumOfChars\SumOfChars.csproj", "{B8670097-181B-4FA2-9941-93B6514D6999}"
EndProject
Project("{9A19103F-16F7-4668-BE54-9A1E7A4F7556}") = "PrintASCIITableInRange", "PrintASCIITableInRange\PrintASCIITableInRange.csproj", "{E5F9C757-66D1-4E1B-B6CA-529F45F37DD3}"
EndProject
Project("{9A19103F-16F7-4668-BE54-9A1E7A4F7556}") = "TriplesOfLatinLetters", "TriplesOfLatinLetters\TriplesOfLatinLetters.csproj", "{B7008D43-FD75-45BC-BF7D-332690755DF9}"
EndProject
Project("{9A19103F-16F7-4668-BE54-9A1E7A4F7556}") = "WaterOverflow", "WaterOverflow\WaterOverflow.csproj", "{728A117D-5C6B-4EC5-8883-510F489CB729}"
EndProject
Project("{9A19103F-16F7-4668-BE54-9A1E7A4F7556}") = "BeerKegs", "BeerKegs\BeerKegs.csproj", "{C02F89E8-03A5-408F-BF70-6AB4D9F77D12}"
EndProject
Project("{9A19103F-16F7-4668-BE54-9A1E7A4F7556}") = "SpicesMustFlow", "SpicesMustFlow\SpicesMustFlow.csproj", "{ECEAE641-7CED-468B-AFDC-D96D0BD8DAA0}"
EndProject
Project("{9A19103F-16F7-4668-BE54-9A1E7A4F7556}") = "Pokemon", "Pokemon\Pokemon.csproj", "{34814729-DBDE-408A-A18B-AE3E5820EAE7}"
EndProject
Project("{9A19103F-16F7-4668-BE54-9A1E7A4F7556}") = "SnowBalls", "SnowBalls\SnowBalls.csproj", "{3DC30F9D-7910-4A2A-9CFB-ED40B33F97A5}"
EndProject
Project("{2150E333-8FDC-42A3-9474-1A3956D46DE8}") = "Arrays", "Arrays", "{3BA3204D-F827-470C-B4B6-197A93EF7C4E}"
EndProject
Project("{9A19103F-16F7-4668-BE54-9A1E7A4F7556}") = "DaysOfWeek", "DaysOfWeek\DaysOfWeek.csproj", "{AEA76220-EEB2-4390-B347-B35F7697FE14}"
EndProject
Project("{9A19103F-16F7-4668-BE54-9A1E7A4F7556}") = "PrintNumsInReverse", "PrintNumsInReverse\PrintNumsInReverse.csproj", "{07AC3B89-F22B-4B29-8944-B239F3A565F0}"
EndProject
Project("{9A19103F-16F7-4668-BE54-9A1E7A4F7556}") = "RoundingNumbersInArrray", "RoundingNumbersInArrray\RoundingNumbersInArrray.csproj", "{7A8B4A2F-AB8B-48BE-8A54-C218C99A3BD1}"
EndProject
Project("{9A19103F-16F7-4668-BE54-9A1E7A4F7556}") = "ReverseAString", "ReverseAString\ReverseAString.csproj", "{668FF632-8BFC-4EE0-9376-F35C688543EF}"
EndProject
Project("{9A19103F-16F7-4668-BE54-9A1E7A4F7556}") = "SumOfEvenNums", "SumOfEvenNums\SumOfEvenNums.csproj", "{983F990A-6E65-4CB0-862A-A98994995F10}"
EndProject
Project("{9A19103F-16F7-4668-BE54-9A1E7A4F7556}") = "SubtractingEvenAndOdds", "SubtractingEvenAndOdds\SubtractingEvenAndOdds.csproj", "{C19E2077-61BA-46D5-893D-1B08B9E44EA2}"
EndProject
Project("{9A19103F-16F7-4668-BE54-9A1E7A4F7556}") = "IdenticalArrays", "IdenticalArrays\IdenticalArrays.csproj", "{9C367F5D-B7E6-4856-92C2-712400DF62D3}"
EndProject
Project("{9A19103F-16F7-4668-BE54-9A1E7A4F7556}") = "ArrayCondensation", "ArrayCondensation\ArrayCondensation.csproj", "{A22FFA67-87B6-4019-8EAF-F1BBE41069A8}"
EndProject
Project("{2150E333-8FDC-42A3-9474-1A3956D46DE8}") = "ArraysExercise", "ArraysExercise", "{F311941D-DD3D-4A80-B95F-A4429F7F7810}"
EndProject
Project("{9A19103F-16F7-4668-BE54-9A1E7A4F7556}") = "Train", "Train\Train.csproj", "{47309944-8201-482F-9374-28465002BE93}"
EndProject
Project("{9A19103F-16F7-4668-BE54-9A1E7A4F7556}") = "CommonElements", "CommonElements\CommonElements.csproj", "{7EC02CE5-8D1D-4BBB-A723-954C2AC8750E}"
EndProject
Project("{9A19103F-16F7-4668-BE54-9A1E7A4F7556}") = "ZigZagArrays", "ZigZagArrays\ZigZagArrays.csproj", "{6947C90C-DE0A-4F70-8B44-42B9678435C8}"
EndProject
Project("{9A19103F-16F7-4668-BE54-9A1E7A4F7556}") = "ArrayRotation", "ArrayRotation\ArrayRotation.csproj", "{7CDD7AD9-D607-4F20-9A6B-34A615C491BD}"
EndProject
Project("{9A19103F-16F7-4668-BE54-9A1E7A4F7556}") = "TopIntengers", "TopIntengers\TopIntengers.csproj", "{9CDE8560-0B98-4E8F-86F7-19B99C4E3B82}"
EndProject
Project("{9A19103F-16F7-4668-BE54-9A1E7A4F7556}") = "EqualSums", "EqualSums\EqualSums.csproj", "{153C9E52-646B-45C2-9218-C54D9C8D524A}"
EndProject
Project("{9A19103F-16F7-4668-BE54-9A1E7A4F7556}") = "MaxOccuranceOfElements", "MaxOccuranceOfElements\MaxOccuranceOfElements.csproj", "{7535D725-5BC2-4C9A-B45C-2823979FC0A7}"
EndProject
Project("{9A19103F-16F7-4668-BE54-9A1E7A4F7556}") = "MagicSum", "MagicSum\MagicSum.csproj", "{06F33BA1-BF0A-499C-B2A7-E67284B4EC07}"
EndProject
Project("{9A19103F-16F7-4668-BE54-9A1E7A4F7556}") = "KaminoFactory", "KaminoFactory\KaminoFactory.csproj", "{3EE36BB0-5263-4DA0-A8EB-45BE0E8110F6}"
EndProject
Project("{9A19103F-16F7-4668-BE54-9A1E7A4F7556}") = "Ladybugs", "Ladybugs\Ladybugs.csproj", "{DAE229EC-AB29-4D77-AB72-53C84644ADEF}"
EndProject
Project("{2150E333-8FDC-42A3-9474-1A3956D46DE8}") = "Methods", "Methods", "{D3A51E20-EAB6-4F00-BC8C-9E6CB6F906AB}"
EndProject
Project("{9A19103F-16F7-4668-BE54-9A1E7A4F7556}") = "SignOfIntNums", "SignOfIntNums\SignOfIntNums.csproj", "{001B5997-4BA4-428C-85F7-357F5E035BB8}"
EndProject
Project("{9A19103F-16F7-4668-BE54-9A1E7A4F7556}") = "Grades", "Grades\Grades.csproj", "{697C2F2B-60DD-4117-9B06-07B71C2BD4A3}"
EndProject
Project("{9A19103F-16F7-4668-BE54-9A1E7A4F7556}") = "Calculations", "Calculations\Calculations.csproj", "{2728E062-7234-45DF-95AD-DF17CC62F98A}"
EndProject
Project("{9A19103F-16F7-4668-BE54-9A1E7A4F7556}") = "PrintingATriangle", "PrintingATriangle\PrintingATriangle.csproj", "{A3FF4B00-4FEC-46A4-91D4-23632B32ADFF}"
EndProject
Project("{9A19103F-16F7-4668-BE54-9A1E7A4F7556}") = "Order", "Order\Order.csproj", "{F8ED1B9F-A69F-4F10-8E70-6E74FB61425C}"
EndProject
Project("{9A19103F-16F7-4668-BE54-9A1E7A4F7556}") = "RectangleArea", "RectangleArea\RectangleArea.csproj", "{CA1E3494-5262-44C0-B95B-68ED976BC1B8}"
EndProject
Project("{9A19103F-16F7-4668-BE54-9A1E7A4F7556}") = "RepeatAString", "RepeatAString\RepeatAString.csproj", "{8D6C9CD6-4192-4CE3-B3CD-25507BB7BA96}"
EndProject
Project("{9A19103F-16F7-4668-BE54-9A1E7A4F7556}") = "MathPower", "MathPower\MathPower.csproj", "{F199C8B8-12BB-4A22-984D-31BD1DBA014A}"
EndProject
Project("{9A19103F-16F7-4668-BE54-9A1E7A4F7556}") = "GreaterOfTwoValues", "GreaterOfTwoValues\GreaterOfTwoValues.csproj", "{313E3CC5-95D8-43E8-BAE5-75E0DF41A53A}"
EndProject
Project("{9A19103F-16F7-4668-BE54-9A1E7A4F7556}") = "MultiplyEvensByOdds", "MultiplyEvensByOdds\MultiplyEvensByOdds.csproj", "{BC77D48B-5A74-476E-AE1C-F361F7F3D435}"
EndProject
Project("{9A19103F-16F7-4668-BE54-9A1E7A4F7556}") = "MathOperatrions", "MathOperatrions\MathOperatrions.csproj", "{F1AA3354-C07E-4F09-BDB4-3CD4008B829B}"
EndProject
Project("{2150E333-8FDC-42A3-9474-1A3956D46DE8}") = "MethodsExercise", "MethodsExercise", "{5D019D11-5388-43BF-92F9-CDC5D3E9940B}"
EndProject
Project("{9A19103F-16F7-4668-BE54-9A1E7A4F7556}") = "SmallestOfThreeNums", "SmallestOfThreeNums\SmallestOfThreeNums.csproj", "{55BB9AC9-A442-46B8-8A6B-135F792BA8C0}"
EndProject
Project("{9A19103F-16F7-4668-BE54-9A1E7A4F7556}") = "VowelsCount", "VowelsCount\VowelsCount.csproj", "{08700622-A6FC-4356-9F3D-0368FEB2F127}"
EndProject
Project("{9A19103F-16F7-4668-BE54-9A1E7A4F7556}") = "ASCIIMethodInRange", "ASCIIMethodInRange\ASCIIMethodInRange.csproj", "{0A4857D4-B637-4DC1-967E-D18CB3EE1AA2}"
EndProject
Project("{9A19103F-16F7-4668-BE54-9A1E7A4F7556}") = "PasswordValidator", "PasswordValidator\PasswordValidator.csproj", "{2AC89113-9F2E-401B-BD7E-3A1C1930A8E1}"
EndProject
Project("{9A19103F-16F7-4668-BE54-9A1E7A4F7556}") = "AddAndSubtract", "AddAndSubtract\AddAndSubtract.csproj", "{5505A4C7-D4BB-4429-9E9D-3C6034CB2E9B}"
EndProject
Project("{9A19103F-16F7-4668-BE54-9A1E7A4F7556}") = "MiddleChars", "MiddleChars\MiddleChars.csproj", "{C5CF6B2D-2F58-4E51-921A-BED94B5C0080}"
EndProject
Project("{9A19103F-16F7-4668-BE54-9A1E7A4F7556}") = "NxNMatrix", "NxNMatrix\NxNMatrix.csproj", "{A20DD6D6-BBE0-4A2E-9018-B714A927FD8A}"
EndProject
Project("{9A19103F-16F7-4668-BE54-9A1E7A4F7556}") = "FactorialDevision", "FactorialDevision\FactorialDevision.csproj", "{D82800C4-F162-48F2-8021-874671122097}"
EndProject
Project("{9A19103F-16F7-4668-BE54-9A1E7A4F7556}") = "PalindromeOfIntengers", "PalindromeOfIntengers\PalindromeOfIntengers.csproj", "{C642F615-1E94-49B5-936A-6AFAAC48330C}"
EndProject
Project("{9A19103F-16F7-4668-BE54-9A1E7A4F7556}") = "TopInt", "TopInt\TopInt.csproj", "{D6985D63-6692-4EF4-8B40-B1475F5080F5}"
EndProject
Project("{9A19103F-16F7-4668-BE54-9A1E7A4F7556}") = "ArrayManipulator", "ArrayManipulator\ArrayManipulator.csproj", "{7EF3E346-C7B0-4DF7-BD25-2A7020521E6B}"
EndProject
Project("{2150E333-8FDC-42A3-9474-1A3956D46DE8}") = "Lists", "Lists", "{C9143874-DEC3-481D-9ABF-5FAFAD437996}"
EndProject
Project("{9A19103F-16F7-4668-BE54-9A1E7A4F7556}") = "SumOfAdjacentEqualNums", "SumOfAdjacentEqualNums\SumOfAdjacentEqualNums.csproj", "{8A5A0B62-6582-4F34-B01C-1222E73254E0}"
EndProject
Project("{9A19103F-16F7-4668-BE54-9A1E7A4F7556}") = "GaussTrick", "GaussTrick\GaussTrick.csproj", "{E8657549-5C53-47FB-BE45-5A0868872D86}"
EndProject
Project("{9A19103F-16F7-4668-BE54-9A1E7A4F7556}") = "MergingLists", "MergingLists\MergingLists.csproj", "{04446C68-8436-4913-8AC7-B2E48BB69A17}"
EndProject
Project("{9A19103F-16F7-4668-BE54-9A1E7A4F7556}") = "ListOfProducts", "ListOfProducts\ListOfProducts.csproj", "{84321D3B-E077-40C9-9BC6-AC40EE87F58B}"
EndProject
Project("{9A19103F-16F7-4668-BE54-9A1E7A4F7556}") = "RemoveNegativeAndReverse", "RemoveNegativeAndReverse\RemoveNegativeAndReverse.csproj", "{920ADCEC-57D2-41B1-B918-87EE23C32ED0}"
EndProject
Project("{9A19103F-16F7-4668-BE54-9A1E7A4F7556}") = "ListManipulation", "ListManipulation\ListManipulation.csproj", "{163E422F-82DC-4753-B566-B5A2F20B5883}"
EndProject
Project("{9A19103F-16F7-4668-BE54-9A1E7A4F7556}") = "AdvancedListManipulation", "AdvancedListManipulation\AdvancedListManipulation.csproj", "{4DFF57FC-8929-4495-A9E5-48FAF26DF6B0}"
EndProject
Project("{2150E333-8FDC-42A3-9474-1A3956D46DE8}") = "ListsExercise", "ListsExercise", "{41D09118-0851-44EC-B8C2-B277C39EBD59}"
EndProject
Project("{9A19103F-16F7-4668-BE54-9A1E7A4F7556}") = "Train01", "Train01\Train01.csproj", "{EBB530B7-1D43-4410-AC0D-401184E00122}"
EndProject
Project("{9A19103F-16F7-4668-BE54-9A1E7A4F7556}") = "ChangeList", "ChangeList\ChangeList.csproj", "{AF88C0FC-195E-46AE-BBDB-53AE073A08B3}"
EndProject
Project("{9A19103F-16F7-4668-BE54-9A1E7A4F7556}") = "HouseParty", "HouseParty\HouseParty.csproj", "{4AF559DF-8342-4055-AEBD-63B7C07A50F9}"
EndProject
Project("{9A19103F-16F7-4668-BE54-9A1E7A4F7556}") = "ListOperations", "ListOperations\ListOperations.csproj", "{0B987DCA-50A6-48B3-9D7E-3EEAB0B25C9F}"
EndProject
Project("{9A19103F-16F7-4668-BE54-9A1E7A4F7556}") = "BombNumbers", "BombNumbers\BombNumbers.csproj", "{B6E11AEA-C5B9-40A6-95A9-AC23B6473678}"
EndProject
Project("{9A19103F-16F7-4668-BE54-9A1E7A4F7556}") = "CardsGame", "CardsGame\CardsGame.csproj", "{F7CEDA1B-CE57-47A5-A0CA-892BA3D5F423}"
EndProject
Project("{9A19103F-16F7-4668-BE54-9A1E7A4F7556}") = "AppendArrays", "AppendArrays\AppendArrays.csproj", "{02DA8341-2191-413C-804C-C1359FABB305}"
EndProject
Project("{9A19103F-16F7-4668-BE54-9A1E7A4F7556}") = "AnonymousThreat", "AnonymousThreat\AnonymousThreat.csproj", "{7DB20A16-247C-40D2-8ED1-5C019E2AC695}"
EndProject
Project("{2150E333-8FDC-42A3-9474-1A3956D46DE8}") = "Classes", "Classes", "{EBCE7F89-4F5A-4209-8973-4029D3E725A6}"
EndProject
Project("{9A19103F-16F7-4668-BE54-9A1E7A4F7556}") = "RandomizeWords", "RandomizeWords\RandomizeWords.csproj", "{2C42834B-D654-494E-8237-A2B5FC8987D5}"
EndProject
Project("{9A19103F-16F7-4668-BE54-9A1E7A4F7556}") = "BigFactorial", "BigFactorial\BigFactorial.csproj", "{56D6E207-770C-4475-831F-0A38375E352D}"
EndProject
Project("{9A19103F-16F7-4668-BE54-9A1E7A4F7556}") = "Songs", "Songs\Songs.csproj", "{D0F7C843-A92E-4D9C-B810-E2F2A4B8EABA}"
EndProject
Project("{FAE04EC0-301F-11D3-BF4B-00C04F79EFBC}") = "Students", "Students\Students.csproj", "{3FB6192C-B3F1-4140-91EC-23239A3158B2}"
EndProject
Global
	GlobalSection(SolutionConfigurationPlatforms) = preSolution
		Debug|Any CPU = Debug|Any CPU
		Release|Any CPU = Release|Any CPU
	EndGlobalSection
	GlobalSection(ProjectConfigurationPlatforms) = postSolution
		{DEE26381-BA84-431D-9D15-42DC8F58E697}.Debug|Any CPU.ActiveCfg = Debug|Any CPU
		{DEE26381-BA84-431D-9D15-42DC8F58E697}.Debug|Any CPU.Build.0 = Debug|Any CPU
		{DEE26381-BA84-431D-9D15-42DC8F58E697}.Release|Any CPU.ActiveCfg = Release|Any CPU
		{DEE26381-BA84-431D-9D15-42DC8F58E697}.Release|Any CPU.Build.0 = Release|Any CPU
		{6224C1F8-E029-4F5F-B655-2D5BECF13BCB}.Debug|Any CPU.ActiveCfg = Debug|Any CPU
		{6224C1F8-E029-4F5F-B655-2D5BECF13BCB}.Debug|Any CPU.Build.0 = Debug|Any CPU
		{6224C1F8-E029-4F5F-B655-2D5BECF13BCB}.Release|Any CPU.ActiveCfg = Release|Any CPU
		{6224C1F8-E029-4F5F-B655-2D5BECF13BCB}.Release|Any CPU.Build.0 = Release|Any CPU
		{22C59802-1CC3-482C-BED0-595E9E66BD40}.Debug|Any CPU.ActiveCfg = Debug|Any CPU
		{22C59802-1CC3-482C-BED0-595E9E66BD40}.Debug|Any CPU.Build.0 = Debug|Any CPU
		{22C59802-1CC3-482C-BED0-595E9E66BD40}.Release|Any CPU.ActiveCfg = Release|Any CPU
		{22C59802-1CC3-482C-BED0-595E9E66BD40}.Release|Any CPU.Build.0 = Release|Any CPU
		{BAF43B29-C181-4142-BF77-A2A74C1625E1}.Debug|Any CPU.ActiveCfg = Debug|Any CPU
		{BAF43B29-C181-4142-BF77-A2A74C1625E1}.Debug|Any CPU.Build.0 = Debug|Any CPU
		{BAF43B29-C181-4142-BF77-A2A74C1625E1}.Release|Any CPU.ActiveCfg = Release|Any CPU
		{BAF43B29-C181-4142-BF77-A2A74C1625E1}.Release|Any CPU.Build.0 = Release|Any CPU
		{91258171-5514-403F-A791-ADD92E8F70B4}.Debug|Any CPU.ActiveCfg = Debug|Any CPU
		{91258171-5514-403F-A791-ADD92E8F70B4}.Debug|Any CPU.Build.0 = Debug|Any CPU
		{91258171-5514-403F-A791-ADD92E8F70B4}.Release|Any CPU.ActiveCfg = Release|Any CPU
		{91258171-5514-403F-A791-ADD92E8F70B4}.Release|Any CPU.Build.0 = Release|Any CPU
		{03D391FE-2A67-4BB0-94A1-0E79700B5793}.Debug|Any CPU.ActiveCfg = Debug|Any CPU
		{03D391FE-2A67-4BB0-94A1-0E79700B5793}.Debug|Any CPU.Build.0 = Debug|Any CPU
		{03D391FE-2A67-4BB0-94A1-0E79700B5793}.Release|Any CPU.ActiveCfg = Release|Any CPU
		{03D391FE-2A67-4BB0-94A1-0E79700B5793}.Release|Any CPU.Build.0 = Release|Any CPU
		{396200E4-D075-4B96-A8E8-6D37A9CBC723}.Debug|Any CPU.ActiveCfg = Debug|Any CPU
		{396200E4-D075-4B96-A8E8-6D37A9CBC723}.Debug|Any CPU.Build.0 = Debug|Any CPU
		{396200E4-D075-4B96-A8E8-6D37A9CBC723}.Release|Any CPU.ActiveCfg = Release|Any CPU
		{396200E4-D075-4B96-A8E8-6D37A9CBC723}.Release|Any CPU.Build.0 = Release|Any CPU
		{DC848185-FF91-4B3D-8C6E-9AC1069F2812}.Debug|Any CPU.ActiveCfg = Debug|Any CPU
		{DC848185-FF91-4B3D-8C6E-9AC1069F2812}.Debug|Any CPU.Build.0 = Debug|Any CPU
		{DC848185-FF91-4B3D-8C6E-9AC1069F2812}.Release|Any CPU.ActiveCfg = Release|Any CPU
		{DC848185-FF91-4B3D-8C6E-9AC1069F2812}.Release|Any CPU.Build.0 = Release|Any CPU
		{9B9D9221-6799-4A81-95AE-90C03C1996EB}.Debug|Any CPU.ActiveCfg = Debug|Any CPU
		{9B9D9221-6799-4A81-95AE-90C03C1996EB}.Debug|Any CPU.Build.0 = Debug|Any CPU
		{9B9D9221-6799-4A81-95AE-90C03C1996EB}.Release|Any CPU.ActiveCfg = Release|Any CPU
		{9B9D9221-6799-4A81-95AE-90C03C1996EB}.Release|Any CPU.Build.0 = Release|Any CPU
		{A131AD30-978E-4E0C-B7B1-99ADE2CA683B}.Debug|Any CPU.ActiveCfg = Debug|Any CPU
		{A131AD30-978E-4E0C-B7B1-99ADE2CA683B}.Debug|Any CPU.Build.0 = Debug|Any CPU
		{A131AD30-978E-4E0C-B7B1-99ADE2CA683B}.Release|Any CPU.ActiveCfg = Release|Any CPU
		{A131AD30-978E-4E0C-B7B1-99ADE2CA683B}.Release|Any CPU.Build.0 = Release|Any CPU
		{9271E76D-F827-4032-8BF9-64484265CE50}.Debug|Any CPU.ActiveCfg = Debug|Any CPU
		{9271E76D-F827-4032-8BF9-64484265CE50}.Debug|Any CPU.Build.0 = Debug|Any CPU
		{9271E76D-F827-4032-8BF9-64484265CE50}.Release|Any CPU.ActiveCfg = Release|Any CPU
		{9271E76D-F827-4032-8BF9-64484265CE50}.Release|Any CPU.Build.0 = Release|Any CPU
		{680CE802-0D17-46AF-AB7D-3DCB9D362B24}.Debug|Any CPU.ActiveCfg = Debug|Any CPU
		{680CE802-0D17-46AF-AB7D-3DCB9D362B24}.Debug|Any CPU.Build.0 = Debug|Any CPU
		{680CE802-0D17-46AF-AB7D-3DCB9D362B24}.Release|Any CPU.ActiveCfg = Release|Any CPU
		{680CE802-0D17-46AF-AB7D-3DCB9D362B24}.Release|Any CPU.Build.0 = Release|Any CPU
		{ACB0D078-F626-4B69-8B87-EEADB9C68BF1}.Debug|Any CPU.ActiveCfg = Debug|Any CPU
		{ACB0D078-F626-4B69-8B87-EEADB9C68BF1}.Debug|Any CPU.Build.0 = Debug|Any CPU
		{ACB0D078-F626-4B69-8B87-EEADB9C68BF1}.Release|Any CPU.ActiveCfg = Release|Any CPU
		{ACB0D078-F626-4B69-8B87-EEADB9C68BF1}.Release|Any CPU.Build.0 = Release|Any CPU
		{97AB0998-5403-4B53-B0C2-27F70D3EB720}.Debug|Any CPU.ActiveCfg = Debug|Any CPU
		{97AB0998-5403-4B53-B0C2-27F70D3EB720}.Debug|Any CPU.Build.0 = Debug|Any CPU
		{97AB0998-5403-4B53-B0C2-27F70D3EB720}.Release|Any CPU.ActiveCfg = Release|Any CPU
		{97AB0998-5403-4B53-B0C2-27F70D3EB720}.Release|Any CPU.Build.0 = Release|Any CPU
		{A1CBA33E-F49A-4F04-929A-DC6B752BD0E3}.Debug|Any CPU.ActiveCfg = Debug|Any CPU
		{A1CBA33E-F49A-4F04-929A-DC6B752BD0E3}.Debug|Any CPU.Build.0 = Debug|Any CPU
		{A1CBA33E-F49A-4F04-929A-DC6B752BD0E3}.Release|Any CPU.ActiveCfg = Release|Any CPU
		{A1CBA33E-F49A-4F04-929A-DC6B752BD0E3}.Release|Any CPU.Build.0 = Release|Any CPU
		{8579E0AD-C294-467E-887F-648F3426299B}.Debug|Any CPU.ActiveCfg = Debug|Any CPU
		{8579E0AD-C294-467E-887F-648F3426299B}.Debug|Any CPU.Build.0 = Debug|Any CPU
		{8579E0AD-C294-467E-887F-648F3426299B}.Release|Any CPU.ActiveCfg = Release|Any CPU
		{8579E0AD-C294-467E-887F-648F3426299B}.Release|Any CPU.Build.0 = Release|Any CPU
		{6BBA4F3B-7B76-41E0-9C30-DCCD53DB161F}.Debug|Any CPU.ActiveCfg = Debug|Any CPU
		{6BBA4F3B-7B76-41E0-9C30-DCCD53DB161F}.Debug|Any CPU.Build.0 = Debug|Any CPU
		{6BBA4F3B-7B76-41E0-9C30-DCCD53DB161F}.Release|Any CPU.ActiveCfg = Release|Any CPU
		{6BBA4F3B-7B76-41E0-9C30-DCCD53DB161F}.Release|Any CPU.Build.0 = Release|Any CPU
		{F2B0EC39-B4A7-4950-AF9B-8A0A76D962B4}.Debug|Any CPU.ActiveCfg = Debug|Any CPU
		{F2B0EC39-B4A7-4950-AF9B-8A0A76D962B4}.Debug|Any CPU.Build.0 = Debug|Any CPU
		{F2B0EC39-B4A7-4950-AF9B-8A0A76D962B4}.Release|Any CPU.ActiveCfg = Release|Any CPU
		{F2B0EC39-B4A7-4950-AF9B-8A0A76D962B4}.Release|Any CPU.Build.0 = Release|Any CPU
		{15556068-9249-441A-B5E6-802FAB2BCEFF}.Debug|Any CPU.ActiveCfg = Debug|Any CPU
		{15556068-9249-441A-B5E6-802FAB2BCEFF}.Debug|Any CPU.Build.0 = Debug|Any CPU
		{15556068-9249-441A-B5E6-802FAB2BCEFF}.Release|Any CPU.ActiveCfg = Release|Any CPU
		{15556068-9249-441A-B5E6-802FAB2BCEFF}.Release|Any CPU.Build.0 = Release|Any CPU
		{4F60F91A-B53C-45FC-834B-1F4F975BF008}.Debug|Any CPU.ActiveCfg = Debug|Any CPU
		{4F60F91A-B53C-45FC-834B-1F4F975BF008}.Debug|Any CPU.Build.0 = Debug|Any CPU
		{4F60F91A-B53C-45FC-834B-1F4F975BF008}.Release|Any CPU.ActiveCfg = Release|Any CPU
		{4F60F91A-B53C-45FC-834B-1F4F975BF008}.Release|Any CPU.Build.0 = Release|Any CPU
		{9E5DFF5A-7CD7-4C70-8B89-408ADA9DA625}.Debug|Any CPU.ActiveCfg = Debug|Any CPU
		{9E5DFF5A-7CD7-4C70-8B89-408ADA9DA625}.Debug|Any CPU.Build.0 = Debug|Any CPU
		{9E5DFF5A-7CD7-4C70-8B89-408ADA9DA625}.Release|Any CPU.ActiveCfg = Release|Any CPU
		{9E5DFF5A-7CD7-4C70-8B89-408ADA9DA625}.Release|Any CPU.Build.0 = Release|Any CPU
		{B0A28E28-6692-430D-B4A5-8D99753571CD}.Debug|Any CPU.ActiveCfg = Debug|Any CPU
		{B0A28E28-6692-430D-B4A5-8D99753571CD}.Debug|Any CPU.Build.0 = Debug|Any CPU
		{B0A28E28-6692-430D-B4A5-8D99753571CD}.Release|Any CPU.ActiveCfg = Release|Any CPU
		{B0A28E28-6692-430D-B4A5-8D99753571CD}.Release|Any CPU.Build.0 = Release|Any CPU
		{8282F57A-BB06-4C60-8EA2-0F200C590363}.Debug|Any CPU.ActiveCfg = Debug|Any CPU
		{8282F57A-BB06-4C60-8EA2-0F200C590363}.Debug|Any CPU.Build.0 = Debug|Any CPU
		{8282F57A-BB06-4C60-8EA2-0F200C590363}.Release|Any CPU.ActiveCfg = Release|Any CPU
		{8282F57A-BB06-4C60-8EA2-0F200C590363}.Release|Any CPU.Build.0 = Release|Any CPU
		{A78A395B-7C4F-4943-A4BE-D84D0E8673F4}.Debug|Any CPU.ActiveCfg = Debug|Any CPU
		{A78A395B-7C4F-4943-A4BE-D84D0E8673F4}.Debug|Any CPU.Build.0 = Debug|Any CPU
		{A78A395B-7C4F-4943-A4BE-D84D0E8673F4}.Release|Any CPU.ActiveCfg = Release|Any CPU
		{A78A395B-7C4F-4943-A4BE-D84D0E8673F4}.Release|Any CPU.Build.0 = Release|Any CPU
		{FFA44A2F-B4AF-48D5-92A6-E28C0744961A}.Debug|Any CPU.ActiveCfg = Debug|Any CPU
		{FFA44A2F-B4AF-48D5-92A6-E28C0744961A}.Debug|Any CPU.Build.0 = Debug|Any CPU
		{FFA44A2F-B4AF-48D5-92A6-E28C0744961A}.Release|Any CPU.ActiveCfg = Release|Any CPU
		{FFA44A2F-B4AF-48D5-92A6-E28C0744961A}.Release|Any CPU.Build.0 = Release|Any CPU
		{80AD06A5-3D24-4AE8-BD0C-A0FAC7E7F0B8}.Debug|Any CPU.ActiveCfg = Debug|Any CPU
		{80AD06A5-3D24-4AE8-BD0C-A0FAC7E7F0B8}.Debug|Any CPU.Build.0 = Debug|Any CPU
		{80AD06A5-3D24-4AE8-BD0C-A0FAC7E7F0B8}.Release|Any CPU.ActiveCfg = Release|Any CPU
		{80AD06A5-3D24-4AE8-BD0C-A0FAC7E7F0B8}.Release|Any CPU.Build.0 = Release|Any CPU
		{D6D9F56A-A32B-47BE-A423-F253C95DCC91}.Debug|Any CPU.ActiveCfg = Debug|Any CPU
		{D6D9F56A-A32B-47BE-A423-F253C95DCC91}.Debug|Any CPU.Build.0 = Debug|Any CPU
		{D6D9F56A-A32B-47BE-A423-F253C95DCC91}.Release|Any CPU.ActiveCfg = Release|Any CPU
		{D6D9F56A-A32B-47BE-A423-F253C95DCC91}.Release|Any CPU.Build.0 = Release|Any CPU
		{9BC3E884-26CE-4A6E-9728-7EFECB35AB96}.Debug|Any CPU.ActiveCfg = Debug|Any CPU
		{9BC3E884-26CE-4A6E-9728-7EFECB35AB96}.Debug|Any CPU.Build.0 = Debug|Any CPU
		{9BC3E884-26CE-4A6E-9728-7EFECB35AB96}.Release|Any CPU.ActiveCfg = Release|Any CPU
		{9BC3E884-26CE-4A6E-9728-7EFECB35AB96}.Release|Any CPU.Build.0 = Release|Any CPU
		{80DC3EFF-3378-4561-899F-79FAEB8C0DBC}.Debug|Any CPU.ActiveCfg = Debug|Any CPU
		{80DC3EFF-3378-4561-899F-79FAEB8C0DBC}.Debug|Any CPU.Build.0 = Debug|Any CPU
		{80DC3EFF-3378-4561-899F-79FAEB8C0DBC}.Release|Any CPU.ActiveCfg = Release|Any CPU
		{80DC3EFF-3378-4561-899F-79FAEB8C0DBC}.Release|Any CPU.Build.0 = Release|Any CPU
		{A92E4812-524D-4B1F-B0A6-6D909766610E}.Debug|Any CPU.ActiveCfg = Debug|Any CPU
		{A92E4812-524D-4B1F-B0A6-6D909766610E}.Debug|Any CPU.Build.0 = Debug|Any CPU
		{A92E4812-524D-4B1F-B0A6-6D909766610E}.Release|Any CPU.ActiveCfg = Release|Any CPU
		{A92E4812-524D-4B1F-B0A6-6D909766610E}.Release|Any CPU.Build.0 = Release|Any CPU
		{2AE8BF2F-F750-422F-99CB-3CDE0278592D}.Debug|Any CPU.ActiveCfg = Debug|Any CPU
		{2AE8BF2F-F750-422F-99CB-3CDE0278592D}.Debug|Any CPU.Build.0 = Debug|Any CPU
		{2AE8BF2F-F750-422F-99CB-3CDE0278592D}.Release|Any CPU.ActiveCfg = Release|Any CPU
		{2AE8BF2F-F750-422F-99CB-3CDE0278592D}.Release|Any CPU.Build.0 = Release|Any CPU
		{B49E8754-1E20-4A5B-9419-EF3EA36AD170}.Debug|Any CPU.ActiveCfg = Debug|Any CPU
		{B49E8754-1E20-4A5B-9419-EF3EA36AD170}.Debug|Any CPU.Build.0 = Debug|Any CPU
		{B49E8754-1E20-4A5B-9419-EF3EA36AD170}.Release|Any CPU.ActiveCfg = Release|Any CPU
		{B49E8754-1E20-4A5B-9419-EF3EA36AD170}.Release|Any CPU.Build.0 = Release|Any CPU
		{6392B5B6-E3C2-46AA-8200-7E612EF2225F}.Debug|Any CPU.ActiveCfg = Debug|Any CPU
		{6392B5B6-E3C2-46AA-8200-7E612EF2225F}.Debug|Any CPU.Build.0 = Debug|Any CPU
		{6392B5B6-E3C2-46AA-8200-7E612EF2225F}.Release|Any CPU.ActiveCfg = Release|Any CPU
		{6392B5B6-E3C2-46AA-8200-7E612EF2225F}.Release|Any CPU.Build.0 = Release|Any CPU
		{513E275F-6C24-49E6-AFB4-347F03DBE802}.Debug|Any CPU.ActiveCfg = Debug|Any CPU
		{513E275F-6C24-49E6-AFB4-347F03DBE802}.Debug|Any CPU.Build.0 = Debug|Any CPU
		{513E275F-6C24-49E6-AFB4-347F03DBE802}.Release|Any CPU.ActiveCfg = Release|Any CPU
		{513E275F-6C24-49E6-AFB4-347F03DBE802}.Release|Any CPU.Build.0 = Release|Any CPU
		{324BFD37-5C7F-4473-9E86-437A3F516B61}.Debug|Any CPU.ActiveCfg = Debug|Any CPU
		{324BFD37-5C7F-4473-9E86-437A3F516B61}.Debug|Any CPU.Build.0 = Debug|Any CPU
		{324BFD37-5C7F-4473-9E86-437A3F516B61}.Release|Any CPU.ActiveCfg = Release|Any CPU
		{324BFD37-5C7F-4473-9E86-437A3F516B61}.Release|Any CPU.Build.0 = Release|Any CPU
		{5161A198-5F07-44AF-BFA2-D4BFE7A48913}.Debug|Any CPU.ActiveCfg = Debug|Any CPU
		{5161A198-5F07-44AF-BFA2-D4BFE7A48913}.Debug|Any CPU.Build.0 = Debug|Any CPU
		{5161A198-5F07-44AF-BFA2-D4BFE7A48913}.Release|Any CPU.ActiveCfg = Release|Any CPU
		{5161A198-5F07-44AF-BFA2-D4BFE7A48913}.Release|Any CPU.Build.0 = Release|Any CPU
		{DA8FCED5-6B99-40CC-847F-CD1CCDE66CC4}.Debug|Any CPU.ActiveCfg = Debug|Any CPU
		{DA8FCED5-6B99-40CC-847F-CD1CCDE66CC4}.Debug|Any CPU.Build.0 = Debug|Any CPU
		{DA8FCED5-6B99-40CC-847F-CD1CCDE66CC4}.Release|Any CPU.ActiveCfg = Release|Any CPU
		{DA8FCED5-6B99-40CC-847F-CD1CCDE66CC4}.Release|Any CPU.Build.0 = Release|Any CPU
		{1444B9BA-F2FB-4C8F-8961-E70809BBFFDF}.Debug|Any CPU.ActiveCfg = Debug|Any CPU
		{1444B9BA-F2FB-4C8F-8961-E70809BBFFDF}.Debug|Any CPU.Build.0 = Debug|Any CPU
		{1444B9BA-F2FB-4C8F-8961-E70809BBFFDF}.Release|Any CPU.ActiveCfg = Release|Any CPU
		{1444B9BA-F2FB-4C8F-8961-E70809BBFFDF}.Release|Any CPU.Build.0 = Release|Any CPU
		{65A031B4-487A-4320-A97C-E8CE0B23DF0D}.Debug|Any CPU.ActiveCfg = Debug|Any CPU
		{65A031B4-487A-4320-A97C-E8CE0B23DF0D}.Debug|Any CPU.Build.0 = Debug|Any CPU
		{65A031B4-487A-4320-A97C-E8CE0B23DF0D}.Release|Any CPU.ActiveCfg = Release|Any CPU
		{65A031B4-487A-4320-A97C-E8CE0B23DF0D}.Release|Any CPU.Build.0 = Release|Any CPU
		{850EFBEB-8512-499D-911A-0B5D258C8836}.Debug|Any CPU.ActiveCfg = Debug|Any CPU
		{850EFBEB-8512-499D-911A-0B5D258C8836}.Debug|Any CPU.Build.0 = Debug|Any CPU
		{850EFBEB-8512-499D-911A-0B5D258C8836}.Release|Any CPU.ActiveCfg = Release|Any CPU
		{850EFBEB-8512-499D-911A-0B5D258C8836}.Release|Any CPU.Build.0 = Release|Any CPU
		{4305F583-0F07-4CA6-80D4-BC693013C5F0}.Debug|Any CPU.ActiveCfg = Debug|Any CPU
		{4305F583-0F07-4CA6-80D4-BC693013C5F0}.Debug|Any CPU.Build.0 = Debug|Any CPU
		{4305F583-0F07-4CA6-80D4-BC693013C5F0}.Release|Any CPU.ActiveCfg = Release|Any CPU
		{4305F583-0F07-4CA6-80D4-BC693013C5F0}.Release|Any CPU.Build.0 = Release|Any CPU
		{811FA78A-D0FA-4122-BEAB-BF789517F23C}.Debug|Any CPU.ActiveCfg = Debug|Any CPU
		{811FA78A-D0FA-4122-BEAB-BF789517F23C}.Debug|Any CPU.Build.0 = Debug|Any CPU
		{811FA78A-D0FA-4122-BEAB-BF789517F23C}.Release|Any CPU.ActiveCfg = Release|Any CPU
		{811FA78A-D0FA-4122-BEAB-BF789517F23C}.Release|Any CPU.Build.0 = Release|Any CPU
		{D87915E7-8562-495F-8443-FB3E7636A425}.Debug|Any CPU.ActiveCfg = Debug|Any CPU
		{D87915E7-8562-495F-8443-FB3E7636A425}.Debug|Any CPU.Build.0 = Debug|Any CPU
		{D87915E7-8562-495F-8443-FB3E7636A425}.Release|Any CPU.ActiveCfg = Release|Any CPU
		{D87915E7-8562-495F-8443-FB3E7636A425}.Release|Any CPU.Build.0 = Release|Any CPU
		{6EC85E6F-554A-4457-8A61-043D840D61BC}.Debug|Any CPU.ActiveCfg = Debug|Any CPU
		{6EC85E6F-554A-4457-8A61-043D840D61BC}.Debug|Any CPU.Build.0 = Debug|Any CPU
		{6EC85E6F-554A-4457-8A61-043D840D61BC}.Release|Any CPU.ActiveCfg = Release|Any CPU
		{6EC85E6F-554A-4457-8A61-043D840D61BC}.Release|Any CPU.Build.0 = Release|Any CPU
		{B8670097-181B-4FA2-9941-93B6514D6999}.Debug|Any CPU.ActiveCfg = Debug|Any CPU
		{B8670097-181B-4FA2-9941-93B6514D6999}.Debug|Any CPU.Build.0 = Debug|Any CPU
		{B8670097-181B-4FA2-9941-93B6514D6999}.Release|Any CPU.ActiveCfg = Release|Any CPU
		{B8670097-181B-4FA2-9941-93B6514D6999}.Release|Any CPU.Build.0 = Release|Any CPU
		{E5F9C757-66D1-4E1B-B6CA-529F45F37DD3}.Debug|Any CPU.ActiveCfg = Debug|Any CPU
		{E5F9C757-66D1-4E1B-B6CA-529F45F37DD3}.Debug|Any CPU.Build.0 = Debug|Any CPU
		{E5F9C757-66D1-4E1B-B6CA-529F45F37DD3}.Release|Any CPU.ActiveCfg = Release|Any CPU
		{E5F9C757-66D1-4E1B-B6CA-529F45F37DD3}.Release|Any CPU.Build.0 = Release|Any CPU
		{B7008D43-FD75-45BC-BF7D-332690755DF9}.Debug|Any CPU.ActiveCfg = Debug|Any CPU
		{B7008D43-FD75-45BC-BF7D-332690755DF9}.Debug|Any CPU.Build.0 = Debug|Any CPU
		{B7008D43-FD75-45BC-BF7D-332690755DF9}.Release|Any CPU.ActiveCfg = Release|Any CPU
		{B7008D43-FD75-45BC-BF7D-332690755DF9}.Release|Any CPU.Build.0 = Release|Any CPU
		{728A117D-5C6B-4EC5-8883-510F489CB729}.Debug|Any CPU.ActiveCfg = Debug|Any CPU
		{728A117D-5C6B-4EC5-8883-510F489CB729}.Debug|Any CPU.Build.0 = Debug|Any CPU
		{728A117D-5C6B-4EC5-8883-510F489CB729}.Release|Any CPU.ActiveCfg = Release|Any CPU
		{728A117D-5C6B-4EC5-8883-510F489CB729}.Release|Any CPU.Build.0 = Release|Any CPU
		{C02F89E8-03A5-408F-BF70-6AB4D9F77D12}.Debug|Any CPU.ActiveCfg = Debug|Any CPU
		{C02F89E8-03A5-408F-BF70-6AB4D9F77D12}.Debug|Any CPU.Build.0 = Debug|Any CPU
		{C02F89E8-03A5-408F-BF70-6AB4D9F77D12}.Release|Any CPU.ActiveCfg = Release|Any CPU
		{C02F89E8-03A5-408F-BF70-6AB4D9F77D12}.Release|Any CPU.Build.0 = Release|Any CPU
		{ECEAE641-7CED-468B-AFDC-D96D0BD8DAA0}.Debug|Any CPU.ActiveCfg = Debug|Any CPU
		{ECEAE641-7CED-468B-AFDC-D96D0BD8DAA0}.Debug|Any CPU.Build.0 = Debug|Any CPU
		{ECEAE641-7CED-468B-AFDC-D96D0BD8DAA0}.Release|Any CPU.ActiveCfg = Release|Any CPU
		{ECEAE641-7CED-468B-AFDC-D96D0BD8DAA0}.Release|Any CPU.Build.0 = Release|Any CPU
		{34814729-DBDE-408A-A18B-AE3E5820EAE7}.Debug|Any CPU.ActiveCfg = Debug|Any CPU
		{34814729-DBDE-408A-A18B-AE3E5820EAE7}.Debug|Any CPU.Build.0 = Debug|Any CPU
		{34814729-DBDE-408A-A18B-AE3E5820EAE7}.Release|Any CPU.ActiveCfg = Release|Any CPU
		{34814729-DBDE-408A-A18B-AE3E5820EAE7}.Release|Any CPU.Build.0 = Release|Any CPU
		{3DC30F9D-7910-4A2A-9CFB-ED40B33F97A5}.Debug|Any CPU.ActiveCfg = Debug|Any CPU
		{3DC30F9D-7910-4A2A-9CFB-ED40B33F97A5}.Debug|Any CPU.Build.0 = Debug|Any CPU
		{3DC30F9D-7910-4A2A-9CFB-ED40B33F97A5}.Release|Any CPU.ActiveCfg = Release|Any CPU
		{3DC30F9D-7910-4A2A-9CFB-ED40B33F97A5}.Release|Any CPU.Build.0 = Release|Any CPU
		{AEA76220-EEB2-4390-B347-B35F7697FE14}.Debug|Any CPU.ActiveCfg = Debug|Any CPU
		{AEA76220-EEB2-4390-B347-B35F7697FE14}.Debug|Any CPU.Build.0 = Debug|Any CPU
		{AEA76220-EEB2-4390-B347-B35F7697FE14}.Release|Any CPU.ActiveCfg = Release|Any CPU
		{AEA76220-EEB2-4390-B347-B35F7697FE14}.Release|Any CPU.Build.0 = Release|Any CPU
		{07AC3B89-F22B-4B29-8944-B239F3A565F0}.Debug|Any CPU.ActiveCfg = Debug|Any CPU
		{07AC3B89-F22B-4B29-8944-B239F3A565F0}.Debug|Any CPU.Build.0 = Debug|Any CPU
		{07AC3B89-F22B-4B29-8944-B239F3A565F0}.Release|Any CPU.ActiveCfg = Release|Any CPU
		{07AC3B89-F22B-4B29-8944-B239F3A565F0}.Release|Any CPU.Build.0 = Release|Any CPU
		{7A8B4A2F-AB8B-48BE-8A54-C218C99A3BD1}.Debug|Any CPU.ActiveCfg = Debug|Any CPU
		{7A8B4A2F-AB8B-48BE-8A54-C218C99A3BD1}.Debug|Any CPU.Build.0 = Debug|Any CPU
		{7A8B4A2F-AB8B-48BE-8A54-C218C99A3BD1}.Release|Any CPU.ActiveCfg = Release|Any CPU
		{7A8B4A2F-AB8B-48BE-8A54-C218C99A3BD1}.Release|Any CPU.Build.0 = Release|Any CPU
		{668FF632-8BFC-4EE0-9376-F35C688543EF}.Debug|Any CPU.ActiveCfg = Debug|Any CPU
		{668FF632-8BFC-4EE0-9376-F35C688543EF}.Debug|Any CPU.Build.0 = Debug|Any CPU
		{668FF632-8BFC-4EE0-9376-F35C688543EF}.Release|Any CPU.ActiveCfg = Release|Any CPU
		{668FF632-8BFC-4EE0-9376-F35C688543EF}.Release|Any CPU.Build.0 = Release|Any CPU
		{983F990A-6E65-4CB0-862A-A98994995F10}.Debug|Any CPU.ActiveCfg = Debug|Any CPU
		{983F990A-6E65-4CB0-862A-A98994995F10}.Debug|Any CPU.Build.0 = Debug|Any CPU
		{983F990A-6E65-4CB0-862A-A98994995F10}.Release|Any CPU.ActiveCfg = Release|Any CPU
		{983F990A-6E65-4CB0-862A-A98994995F10}.Release|Any CPU.Build.0 = Release|Any CPU
		{C19E2077-61BA-46D5-893D-1B08B9E44EA2}.Debug|Any CPU.ActiveCfg = Debug|Any CPU
		{C19E2077-61BA-46D5-893D-1B08B9E44EA2}.Debug|Any CPU.Build.0 = Debug|Any CPU
		{C19E2077-61BA-46D5-893D-1B08B9E44EA2}.Release|Any CPU.ActiveCfg = Release|Any CPU
		{C19E2077-61BA-46D5-893D-1B08B9E44EA2}.Release|Any CPU.Build.0 = Release|Any CPU
		{9C367F5D-B7E6-4856-92C2-712400DF62D3}.Debug|Any CPU.ActiveCfg = Debug|Any CPU
		{9C367F5D-B7E6-4856-92C2-712400DF62D3}.Debug|Any CPU.Build.0 = Debug|Any CPU
		{9C367F5D-B7E6-4856-92C2-712400DF62D3}.Release|Any CPU.ActiveCfg = Release|Any CPU
		{9C367F5D-B7E6-4856-92C2-712400DF62D3}.Release|Any CPU.Build.0 = Release|Any CPU
		{A22FFA67-87B6-4019-8EAF-F1BBE41069A8}.Debug|Any CPU.ActiveCfg = Debug|Any CPU
		{A22FFA67-87B6-4019-8EAF-F1BBE41069A8}.Debug|Any CPU.Build.0 = Debug|Any CPU
		{A22FFA67-87B6-4019-8EAF-F1BBE41069A8}.Release|Any CPU.ActiveCfg = Release|Any CPU
		{A22FFA67-87B6-4019-8EAF-F1BBE41069A8}.Release|Any CPU.Build.0 = Release|Any CPU
		{47309944-8201-482F-9374-28465002BE93}.Debug|Any CPU.ActiveCfg = Debug|Any CPU
		{47309944-8201-482F-9374-28465002BE93}.Debug|Any CPU.Build.0 = Debug|Any CPU
		{47309944-8201-482F-9374-28465002BE93}.Release|Any CPU.ActiveCfg = Release|Any CPU
		{47309944-8201-482F-9374-28465002BE93}.Release|Any CPU.Build.0 = Release|Any CPU
		{7EC02CE5-8D1D-4BBB-A723-954C2AC8750E}.Debug|Any CPU.ActiveCfg = Debug|Any CPU
		{7EC02CE5-8D1D-4BBB-A723-954C2AC8750E}.Debug|Any CPU.Build.0 = Debug|Any CPU
		{7EC02CE5-8D1D-4BBB-A723-954C2AC8750E}.Release|Any CPU.ActiveCfg = Release|Any CPU
		{7EC02CE5-8D1D-4BBB-A723-954C2AC8750E}.Release|Any CPU.Build.0 = Release|Any CPU
		{6947C90C-DE0A-4F70-8B44-42B9678435C8}.Debug|Any CPU.ActiveCfg = Debug|Any CPU
		{6947C90C-DE0A-4F70-8B44-42B9678435C8}.Debug|Any CPU.Build.0 = Debug|Any CPU
		{6947C90C-DE0A-4F70-8B44-42B9678435C8}.Release|Any CPU.ActiveCfg = Release|Any CPU
		{6947C90C-DE0A-4F70-8B44-42B9678435C8}.Release|Any CPU.Build.0 = Release|Any CPU
		{7CDD7AD9-D607-4F20-9A6B-34A615C491BD}.Debug|Any CPU.ActiveCfg = Debug|Any CPU
		{7CDD7AD9-D607-4F20-9A6B-34A615C491BD}.Debug|Any CPU.Build.0 = Debug|Any CPU
		{7CDD7AD9-D607-4F20-9A6B-34A615C491BD}.Release|Any CPU.ActiveCfg = Release|Any CPU
		{7CDD7AD9-D607-4F20-9A6B-34A615C491BD}.Release|Any CPU.Build.0 = Release|Any CPU
		{9CDE8560-0B98-4E8F-86F7-19B99C4E3B82}.Debug|Any CPU.ActiveCfg = Debug|Any CPU
		{9CDE8560-0B98-4E8F-86F7-19B99C4E3B82}.Debug|Any CPU.Build.0 = Debug|Any CPU
		{9CDE8560-0B98-4E8F-86F7-19B99C4E3B82}.Release|Any CPU.ActiveCfg = Release|Any CPU
		{9CDE8560-0B98-4E8F-86F7-19B99C4E3B82}.Release|Any CPU.Build.0 = Release|Any CPU
		{153C9E52-646B-45C2-9218-C54D9C8D524A}.Debug|Any CPU.ActiveCfg = Debug|Any CPU
		{153C9E52-646B-45C2-9218-C54D9C8D524A}.Debug|Any CPU.Build.0 = Debug|Any CPU
		{153C9E52-646B-45C2-9218-C54D9C8D524A}.Release|Any CPU.ActiveCfg = Release|Any CPU
		{153C9E52-646B-45C2-9218-C54D9C8D524A}.Release|Any CPU.Build.0 = Release|Any CPU
		{7535D725-5BC2-4C9A-B45C-2823979FC0A7}.Debug|Any CPU.ActiveCfg = Debug|Any CPU
		{7535D725-5BC2-4C9A-B45C-2823979FC0A7}.Debug|Any CPU.Build.0 = Debug|Any CPU
		{7535D725-5BC2-4C9A-B45C-2823979FC0A7}.Release|Any CPU.ActiveCfg = Release|Any CPU
		{7535D725-5BC2-4C9A-B45C-2823979FC0A7}.Release|Any CPU.Build.0 = Release|Any CPU
		{06F33BA1-BF0A-499C-B2A7-E67284B4EC07}.Debug|Any CPU.ActiveCfg = Debug|Any CPU
		{06F33BA1-BF0A-499C-B2A7-E67284B4EC07}.Debug|Any CPU.Build.0 = Debug|Any CPU
		{06F33BA1-BF0A-499C-B2A7-E67284B4EC07}.Release|Any CPU.ActiveCfg = Release|Any CPU
		{06F33BA1-BF0A-499C-B2A7-E67284B4EC07}.Release|Any CPU.Build.0 = Release|Any CPU
		{3EE36BB0-5263-4DA0-A8EB-45BE0E8110F6}.Debug|Any CPU.ActiveCfg = Debug|Any CPU
		{3EE36BB0-5263-4DA0-A8EB-45BE0E8110F6}.Debug|Any CPU.Build.0 = Debug|Any CPU
		{3EE36BB0-5263-4DA0-A8EB-45BE0E8110F6}.Release|Any CPU.ActiveCfg = Release|Any CPU
		{3EE36BB0-5263-4DA0-A8EB-45BE0E8110F6}.Release|Any CPU.Build.0 = Release|Any CPU
		{DAE229EC-AB29-4D77-AB72-53C84644ADEF}.Debug|Any CPU.ActiveCfg = Debug|Any CPU
		{DAE229EC-AB29-4D77-AB72-53C84644ADEF}.Debug|Any CPU.Build.0 = Debug|Any CPU
		{DAE229EC-AB29-4D77-AB72-53C84644ADEF}.Release|Any CPU.ActiveCfg = Release|Any CPU
		{DAE229EC-AB29-4D77-AB72-53C84644ADEF}.Release|Any CPU.Build.0 = Release|Any CPU
		{001B5997-4BA4-428C-85F7-357F5E035BB8}.Debug|Any CPU.ActiveCfg = Debug|Any CPU
		{001B5997-4BA4-428C-85F7-357F5E035BB8}.Debug|Any CPU.Build.0 = Debug|Any CPU
		{001B5997-4BA4-428C-85F7-357F5E035BB8}.Release|Any CPU.ActiveCfg = Release|Any CPU
		{001B5997-4BA4-428C-85F7-357F5E035BB8}.Release|Any CPU.Build.0 = Release|Any CPU
		{697C2F2B-60DD-4117-9B06-07B71C2BD4A3}.Debug|Any CPU.ActiveCfg = Debug|Any CPU
		{697C2F2B-60DD-4117-9B06-07B71C2BD4A3}.Debug|Any CPU.Build.0 = Debug|Any CPU
		{697C2F2B-60DD-4117-9B06-07B71C2BD4A3}.Release|Any CPU.ActiveCfg = Release|Any CPU
		{697C2F2B-60DD-4117-9B06-07B71C2BD4A3}.Release|Any CPU.Build.0 = Release|Any CPU
		{2728E062-7234-45DF-95AD-DF17CC62F98A}.Debug|Any CPU.ActiveCfg = Debug|Any CPU
		{2728E062-7234-45DF-95AD-DF17CC62F98A}.Debug|Any CPU.Build.0 = Debug|Any CPU
		{2728E062-7234-45DF-95AD-DF17CC62F98A}.Release|Any CPU.ActiveCfg = Release|Any CPU
		{2728E062-7234-45DF-95AD-DF17CC62F98A}.Release|Any CPU.Build.0 = Release|Any CPU
		{A3FF4B00-4FEC-46A4-91D4-23632B32ADFF}.Debug|Any CPU.ActiveCfg = Debug|Any CPU
		{A3FF4B00-4FEC-46A4-91D4-23632B32ADFF}.Debug|Any CPU.Build.0 = Debug|Any CPU
		{A3FF4B00-4FEC-46A4-91D4-23632B32ADFF}.Release|Any CPU.ActiveCfg = Release|Any CPU
		{A3FF4B00-4FEC-46A4-91D4-23632B32ADFF}.Release|Any CPU.Build.0 = Release|Any CPU
		{F8ED1B9F-A69F-4F10-8E70-6E74FB61425C}.Debug|Any CPU.ActiveCfg = Debug|Any CPU
		{F8ED1B9F-A69F-4F10-8E70-6E74FB61425C}.Debug|Any CPU.Build.0 = Debug|Any CPU
		{F8ED1B9F-A69F-4F10-8E70-6E74FB61425C}.Release|Any CPU.ActiveCfg = Release|Any CPU
		{F8ED1B9F-A69F-4F10-8E70-6E74FB61425C}.Release|Any CPU.Build.0 = Release|Any CPU
		{CA1E3494-5262-44C0-B95B-68ED976BC1B8}.Debug|Any CPU.ActiveCfg = Debug|Any CPU
		{CA1E3494-5262-44C0-B95B-68ED976BC1B8}.Debug|Any CPU.Build.0 = Debug|Any CPU
		{CA1E3494-5262-44C0-B95B-68ED976BC1B8}.Release|Any CPU.ActiveCfg = Release|Any CPU
		{CA1E3494-5262-44C0-B95B-68ED976BC1B8}.Release|Any CPU.Build.0 = Release|Any CPU
		{8D6C9CD6-4192-4CE3-B3CD-25507BB7BA96}.Debug|Any CPU.ActiveCfg = Debug|Any CPU
		{8D6C9CD6-4192-4CE3-B3CD-25507BB7BA96}.Debug|Any CPU.Build.0 = Debug|Any CPU
		{8D6C9CD6-4192-4CE3-B3CD-25507BB7BA96}.Release|Any CPU.ActiveCfg = Release|Any CPU
		{8D6C9CD6-4192-4CE3-B3CD-25507BB7BA96}.Release|Any CPU.Build.0 = Release|Any CPU
		{F199C8B8-12BB-4A22-984D-31BD1DBA014A}.Debug|Any CPU.ActiveCfg = Debug|Any CPU
		{F199C8B8-12BB-4A22-984D-31BD1DBA014A}.Debug|Any CPU.Build.0 = Debug|Any CPU
		{F199C8B8-12BB-4A22-984D-31BD1DBA014A}.Release|Any CPU.ActiveCfg = Release|Any CPU
		{F199C8B8-12BB-4A22-984D-31BD1DBA014A}.Release|Any CPU.Build.0 = Release|Any CPU
		{313E3CC5-95D8-43E8-BAE5-75E0DF41A53A}.Debug|Any CPU.ActiveCfg = Debug|Any CPU
		{313E3CC5-95D8-43E8-BAE5-75E0DF41A53A}.Debug|Any CPU.Build.0 = Debug|Any CPU
		{313E3CC5-95D8-43E8-BAE5-75E0DF41A53A}.Release|Any CPU.ActiveCfg = Release|Any CPU
		{313E3CC5-95D8-43E8-BAE5-75E0DF41A53A}.Release|Any CPU.Build.0 = Release|Any CPU
		{BC77D48B-5A74-476E-AE1C-F361F7F3D435}.Debug|Any CPU.ActiveCfg = Debug|Any CPU
		{BC77D48B-5A74-476E-AE1C-F361F7F3D435}.Debug|Any CPU.Build.0 = Debug|Any CPU
		{BC77D48B-5A74-476E-AE1C-F361F7F3D435}.Release|Any CPU.ActiveCfg = Release|Any CPU
		{BC77D48B-5A74-476E-AE1C-F361F7F3D435}.Release|Any CPU.Build.0 = Release|Any CPU
		{F1AA3354-C07E-4F09-BDB4-3CD4008B829B}.Debug|Any CPU.ActiveCfg = Debug|Any CPU
		{F1AA3354-C07E-4F09-BDB4-3CD4008B829B}.Debug|Any CPU.Build.0 = Debug|Any CPU
		{F1AA3354-C07E-4F09-BDB4-3CD4008B829B}.Release|Any CPU.ActiveCfg = Release|Any CPU
		{F1AA3354-C07E-4F09-BDB4-3CD4008B829B}.Release|Any CPU.Build.0 = Release|Any CPU
		{55BB9AC9-A442-46B8-8A6B-135F792BA8C0}.Debug|Any CPU.ActiveCfg = Debug|Any CPU
		{55BB9AC9-A442-46B8-8A6B-135F792BA8C0}.Debug|Any CPU.Build.0 = Debug|Any CPU
		{55BB9AC9-A442-46B8-8A6B-135F792BA8C0}.Release|Any CPU.ActiveCfg = Release|Any CPU
		{55BB9AC9-A442-46B8-8A6B-135F792BA8C0}.Release|Any CPU.Build.0 = Release|Any CPU
		{08700622-A6FC-4356-9F3D-0368FEB2F127}.Debug|Any CPU.ActiveCfg = Debug|Any CPU
		{08700622-A6FC-4356-9F3D-0368FEB2F127}.Debug|Any CPU.Build.0 = Debug|Any CPU
		{08700622-A6FC-4356-9F3D-0368FEB2F127}.Release|Any CPU.ActiveCfg = Release|Any CPU
		{08700622-A6FC-4356-9F3D-0368FEB2F127}.Release|Any CPU.Build.0 = Release|Any CPU
		{0A4857D4-B637-4DC1-967E-D18CB3EE1AA2}.Debug|Any CPU.ActiveCfg = Debug|Any CPU
		{0A4857D4-B637-4DC1-967E-D18CB3EE1AA2}.Debug|Any CPU.Build.0 = Debug|Any CPU
		{0A4857D4-B637-4DC1-967E-D18CB3EE1AA2}.Release|Any CPU.ActiveCfg = Release|Any CPU
		{0A4857D4-B637-4DC1-967E-D18CB3EE1AA2}.Release|Any CPU.Build.0 = Release|Any CPU
		{2AC89113-9F2E-401B-BD7E-3A1C1930A8E1}.Debug|Any CPU.ActiveCfg = Debug|Any CPU
		{2AC89113-9F2E-401B-BD7E-3A1C1930A8E1}.Debug|Any CPU.Build.0 = Debug|Any CPU
		{2AC89113-9F2E-401B-BD7E-3A1C1930A8E1}.Release|Any CPU.ActiveCfg = Release|Any CPU
		{2AC89113-9F2E-401B-BD7E-3A1C1930A8E1}.Release|Any CPU.Build.0 = Release|Any CPU
		{5505A4C7-D4BB-4429-9E9D-3C6034CB2E9B}.Debug|Any CPU.ActiveCfg = Debug|Any CPU
		{5505A4C7-D4BB-4429-9E9D-3C6034CB2E9B}.Debug|Any CPU.Build.0 = Debug|Any CPU
		{5505A4C7-D4BB-4429-9E9D-3C6034CB2E9B}.Release|Any CPU.ActiveCfg = Release|Any CPU
		{5505A4C7-D4BB-4429-9E9D-3C6034CB2E9B}.Release|Any CPU.Build.0 = Release|Any CPU
		{C5CF6B2D-2F58-4E51-921A-BED94B5C0080}.Debug|Any CPU.ActiveCfg = Debug|Any CPU
		{C5CF6B2D-2F58-4E51-921A-BED94B5C0080}.Debug|Any CPU.Build.0 = Debug|Any CPU
		{C5CF6B2D-2F58-4E51-921A-BED94B5C0080}.Release|Any CPU.ActiveCfg = Release|Any CPU
		{C5CF6B2D-2F58-4E51-921A-BED94B5C0080}.Release|Any CPU.Build.0 = Release|Any CPU
		{A20DD6D6-BBE0-4A2E-9018-B714A927FD8A}.Debug|Any CPU.ActiveCfg = Debug|Any CPU
		{A20DD6D6-BBE0-4A2E-9018-B714A927FD8A}.Debug|Any CPU.Build.0 = Debug|Any CPU
		{A20DD6D6-BBE0-4A2E-9018-B714A927FD8A}.Release|Any CPU.ActiveCfg = Release|Any CPU
		{A20DD6D6-BBE0-4A2E-9018-B714A927FD8A}.Release|Any CPU.Build.0 = Release|Any CPU
		{D82800C4-F162-48F2-8021-874671122097}.Debug|Any CPU.ActiveCfg = Debug|Any CPU
		{D82800C4-F162-48F2-8021-874671122097}.Debug|Any CPU.Build.0 = Debug|Any CPU
		{D82800C4-F162-48F2-8021-874671122097}.Release|Any CPU.ActiveCfg = Release|Any CPU
		{D82800C4-F162-48F2-8021-874671122097}.Release|Any CPU.Build.0 = Release|Any CPU
		{C642F615-1E94-49B5-936A-6AFAAC48330C}.Debug|Any CPU.ActiveCfg = Debug|Any CPU
		{C642F615-1E94-49B5-936A-6AFAAC48330C}.Debug|Any CPU.Build.0 = Debug|Any CPU
		{C642F615-1E94-49B5-936A-6AFAAC48330C}.Release|Any CPU.ActiveCfg = Release|Any CPU
		{C642F615-1E94-49B5-936A-6AFAAC48330C}.Release|Any CPU.Build.0 = Release|Any CPU
		{D6985D63-6692-4EF4-8B40-B1475F5080F5}.Debug|Any CPU.ActiveCfg = Debug|Any CPU
		{D6985D63-6692-4EF4-8B40-B1475F5080F5}.Debug|Any CPU.Build.0 = Debug|Any CPU
		{D6985D63-6692-4EF4-8B40-B1475F5080F5}.Release|Any CPU.ActiveCfg = Release|Any CPU
		{D6985D63-6692-4EF4-8B40-B1475F5080F5}.Release|Any CPU.Build.0 = Release|Any CPU
		{7EF3E346-C7B0-4DF7-BD25-2A7020521E6B}.Debug|Any CPU.ActiveCfg = Debug|Any CPU
		{7EF3E346-C7B0-4DF7-BD25-2A7020521E6B}.Debug|Any CPU.Build.0 = Debug|Any CPU
		{7EF3E346-C7B0-4DF7-BD25-2A7020521E6B}.Release|Any CPU.ActiveCfg = Release|Any CPU
		{7EF3E346-C7B0-4DF7-BD25-2A7020521E6B}.Release|Any CPU.Build.0 = Release|Any CPU
		{8A5A0B62-6582-4F34-B01C-1222E73254E0}.Debug|Any CPU.ActiveCfg = Debug|Any CPU
		{8A5A0B62-6582-4F34-B01C-1222E73254E0}.Debug|Any CPU.Build.0 = Debug|Any CPU
		{8A5A0B62-6582-4F34-B01C-1222E73254E0}.Release|Any CPU.ActiveCfg = Release|Any CPU
		{8A5A0B62-6582-4F34-B01C-1222E73254E0}.Release|Any CPU.Build.0 = Release|Any CPU
		{E8657549-5C53-47FB-BE45-5A0868872D86}.Debug|Any CPU.ActiveCfg = Debug|Any CPU
		{E8657549-5C53-47FB-BE45-5A0868872D86}.Debug|Any CPU.Build.0 = Debug|Any CPU
		{E8657549-5C53-47FB-BE45-5A0868872D86}.Release|Any CPU.ActiveCfg = Release|Any CPU
		{E8657549-5C53-47FB-BE45-5A0868872D86}.Release|Any CPU.Build.0 = Release|Any CPU
		{04446C68-8436-4913-8AC7-B2E48BB69A17}.Debug|Any CPU.ActiveCfg = Debug|Any CPU
		{04446C68-8436-4913-8AC7-B2E48BB69A17}.Debug|Any CPU.Build.0 = Debug|Any CPU
		{04446C68-8436-4913-8AC7-B2E48BB69A17}.Release|Any CPU.ActiveCfg = Release|Any CPU
		{04446C68-8436-4913-8AC7-B2E48BB69A17}.Release|Any CPU.Build.0 = Release|Any CPU
		{84321D3B-E077-40C9-9BC6-AC40EE87F58B}.Debug|Any CPU.ActiveCfg = Debug|Any CPU
		{84321D3B-E077-40C9-9BC6-AC40EE87F58B}.Debug|Any CPU.Build.0 = Debug|Any CPU
		{84321D3B-E077-40C9-9BC6-AC40EE87F58B}.Release|Any CPU.ActiveCfg = Release|Any CPU
		{84321D3B-E077-40C9-9BC6-AC40EE87F58B}.Release|Any CPU.Build.0 = Release|Any CPU
		{920ADCEC-57D2-41B1-B918-87EE23C32ED0}.Debug|Any CPU.ActiveCfg = Debug|Any CPU
		{920ADCEC-57D2-41B1-B918-87EE23C32ED0}.Debug|Any CPU.Build.0 = Debug|Any CPU
		{920ADCEC-57D2-41B1-B918-87EE23C32ED0}.Release|Any CPU.ActiveCfg = Release|Any CPU
		{920ADCEC-57D2-41B1-B918-87EE23C32ED0}.Release|Any CPU.Build.0 = Release|Any CPU
		{163E422F-82DC-4753-B566-B5A2F20B5883}.Debug|Any CPU.ActiveCfg = Debug|Any CPU
		{163E422F-82DC-4753-B566-B5A2F20B5883}.Debug|Any CPU.Build.0 = Debug|Any CPU
		{163E422F-82DC-4753-B566-B5A2F20B5883}.Release|Any CPU.ActiveCfg = Release|Any CPU
		{163E422F-82DC-4753-B566-B5A2F20B5883}.Release|Any CPU.Build.0 = Release|Any CPU
		{4DFF57FC-8929-4495-A9E5-48FAF26DF6B0}.Debug|Any CPU.ActiveCfg = Debug|Any CPU
		{4DFF57FC-8929-4495-A9E5-48FAF26DF6B0}.Debug|Any CPU.Build.0 = Debug|Any CPU
		{4DFF57FC-8929-4495-A9E5-48FAF26DF6B0}.Release|Any CPU.ActiveCfg = Release|Any CPU
		{4DFF57FC-8929-4495-A9E5-48FAF26DF6B0}.Release|Any CPU.Build.0 = Release|Any CPU
		{EBB530B7-1D43-4410-AC0D-401184E00122}.Debug|Any CPU.ActiveCfg = Debug|Any CPU
		{EBB530B7-1D43-4410-AC0D-401184E00122}.Debug|Any CPU.Build.0 = Debug|Any CPU
		{EBB530B7-1D43-4410-AC0D-401184E00122}.Release|Any CPU.ActiveCfg = Release|Any CPU
		{EBB530B7-1D43-4410-AC0D-401184E00122}.Release|Any CPU.Build.0 = Release|Any CPU
		{AF88C0FC-195E-46AE-BBDB-53AE073A08B3}.Debug|Any CPU.ActiveCfg = Debug|Any CPU
		{AF88C0FC-195E-46AE-BBDB-53AE073A08B3}.Debug|Any CPU.Build.0 = Debug|Any CPU
		{AF88C0FC-195E-46AE-BBDB-53AE073A08B3}.Release|Any CPU.ActiveCfg = Release|Any CPU
		{AF88C0FC-195E-46AE-BBDB-53AE073A08B3}.Release|Any CPU.Build.0 = Release|Any CPU
		{4AF559DF-8342-4055-AEBD-63B7C07A50F9}.Debug|Any CPU.ActiveCfg = Debug|Any CPU
		{4AF559DF-8342-4055-AEBD-63B7C07A50F9}.Debug|Any CPU.Build.0 = Debug|Any CPU
		{4AF559DF-8342-4055-AEBD-63B7C07A50F9}.Release|Any CPU.ActiveCfg = Release|Any CPU
		{4AF559DF-8342-4055-AEBD-63B7C07A50F9}.Release|Any CPU.Build.0 = Release|Any CPU
		{0B987DCA-50A6-48B3-9D7E-3EEAB0B25C9F}.Debug|Any CPU.ActiveCfg = Debug|Any CPU
		{0B987DCA-50A6-48B3-9D7E-3EEAB0B25C9F}.Debug|Any CPU.Build.0 = Debug|Any CPU
		{0B987DCA-50A6-48B3-9D7E-3EEAB0B25C9F}.Release|Any CPU.ActiveCfg = Release|Any CPU
		{0B987DCA-50A6-48B3-9D7E-3EEAB0B25C9F}.Release|Any CPU.Build.0 = Release|Any CPU
		{B6E11AEA-C5B9-40A6-95A9-AC23B6473678}.Debug|Any CPU.ActiveCfg = Debug|Any CPU
		{B6E11AEA-C5B9-40A6-95A9-AC23B6473678}.Debug|Any CPU.Build.0 = Debug|Any CPU
		{B6E11AEA-C5B9-40A6-95A9-AC23B6473678}.Release|Any CPU.ActiveCfg = Release|Any CPU
		{B6E11AEA-C5B9-40A6-95A9-AC23B6473678}.Release|Any CPU.Build.0 = Release|Any CPU
		{F7CEDA1B-CE57-47A5-A0CA-892BA3D5F423}.Debug|Any CPU.ActiveCfg = Debug|Any CPU
		{F7CEDA1B-CE57-47A5-A0CA-892BA3D5F423}.Debug|Any CPU.Build.0 = Debug|Any CPU
		{F7CEDA1B-CE57-47A5-A0CA-892BA3D5F423}.Release|Any CPU.ActiveCfg = Release|Any CPU
		{F7CEDA1B-CE57-47A5-A0CA-892BA3D5F423}.Release|Any CPU.Build.0 = Release|Any CPU
		{02DA8341-2191-413C-804C-C1359FABB305}.Debug|Any CPU.ActiveCfg = Debug|Any CPU
		{02DA8341-2191-413C-804C-C1359FABB305}.Debug|Any CPU.Build.0 = Debug|Any CPU
		{02DA8341-2191-413C-804C-C1359FABB305}.Release|Any CPU.ActiveCfg = Release|Any CPU
		{02DA8341-2191-413C-804C-C1359FABB305}.Release|Any CPU.Build.0 = Release|Any CPU
		{7DB20A16-247C-40D2-8ED1-5C019E2AC695}.Debug|Any CPU.ActiveCfg = Debug|Any CPU
		{7DB20A16-247C-40D2-8ED1-5C019E2AC695}.Debug|Any CPU.Build.0 = Debug|Any CPU
		{7DB20A16-247C-40D2-8ED1-5C019E2AC695}.Release|Any CPU.ActiveCfg = Release|Any CPU
		{7DB20A16-247C-40D2-8ED1-5C019E2AC695}.Release|Any CPU.Build.0 = Release|Any CPU
		{2C42834B-D654-494E-8237-A2B5FC8987D5}.Debug|Any CPU.ActiveCfg = Debug|Any CPU
		{2C42834B-D654-494E-8237-A2B5FC8987D5}.Debug|Any CPU.Build.0 = Debug|Any CPU
		{2C42834B-D654-494E-8237-A2B5FC8987D5}.Release|Any CPU.ActiveCfg = Release|Any CPU
		{2C42834B-D654-494E-8237-A2B5FC8987D5}.Release|Any CPU.Build.0 = Release|Any CPU
		{56D6E207-770C-4475-831F-0A38375E352D}.Debug|Any CPU.ActiveCfg = Debug|Any CPU
		{56D6E207-770C-4475-831F-0A38375E352D}.Debug|Any CPU.Build.0 = Debug|Any CPU
		{56D6E207-770C-4475-831F-0A38375E352D}.Release|Any CPU.ActiveCfg = Release|Any CPU
		{56D6E207-770C-4475-831F-0A38375E352D}.Release|Any CPU.Build.0 = Release|Any CPU
		{D0F7C843-A92E-4D9C-B810-E2F2A4B8EABA}.Debug|Any CPU.ActiveCfg = Debug|Any CPU
		{D0F7C843-A92E-4D9C-B810-E2F2A4B8EABA}.Debug|Any CPU.Build.0 = Debug|Any CPU
		{D0F7C843-A92E-4D9C-B810-E2F2A4B8EABA}.Release|Any CPU.ActiveCfg = Release|Any CPU
		{D0F7C843-A92E-4D9C-B810-E2F2A4B8EABA}.Release|Any CPU.Build.0 = Release|Any CPU
		{3FB6192C-B3F1-4140-91EC-23239A3158B2}.Debug|Any CPU.ActiveCfg = Debug|Any CPU
		{3FB6192C-B3F1-4140-91EC-23239A3158B2}.Debug|Any CPU.Build.0 = Debug|Any CPU
		{3FB6192C-B3F1-4140-91EC-23239A3158B2}.Release|Any CPU.ActiveCfg = Release|Any CPU
		{3FB6192C-B3F1-4140-91EC-23239A3158B2}.Release|Any CPU.Build.0 = Release|Any CPU
	EndGlobalSection
	GlobalSection(SolutionProperties) = preSolution
		HideSolutionNode = FALSE
	EndGlobalSection
	GlobalSection(NestedProjects) = preSolution
		{DEE26381-BA84-431D-9D15-42DC8F58E697} = {75B748DA-FBD9-48DD-9D25-45D2EE0208AA}
		{6224C1F8-E029-4F5F-B655-2D5BECF13BCB} = {75B748DA-FBD9-48DD-9D25-45D2EE0208AA}
		{22C59802-1CC3-482C-BED0-595E9E66BD40} = {75B748DA-FBD9-48DD-9D25-45D2EE0208AA}
		{BAF43B29-C181-4142-BF77-A2A74C1625E1} = {75B748DA-FBD9-48DD-9D25-45D2EE0208AA}
		{91258171-5514-403F-A791-ADD92E8F70B4} = {75B748DA-FBD9-48DD-9D25-45D2EE0208AA}
		{03D391FE-2A67-4BB0-94A1-0E79700B5793} = {75B748DA-FBD9-48DD-9D25-45D2EE0208AA}
		{396200E4-D075-4B96-A8E8-6D37A9CBC723} = {75B748DA-FBD9-48DD-9D25-45D2EE0208AA}
		{DC848185-FF91-4B3D-8C6E-9AC1069F2812} = {75B748DA-FBD9-48DD-9D25-45D2EE0208AA}
		{9B9D9221-6799-4A81-95AE-90C03C1996EB} = {75B748DA-FBD9-48DD-9D25-45D2EE0208AA}
		{A131AD30-978E-4E0C-B7B1-99ADE2CA683B} = {75B748DA-FBD9-48DD-9D25-45D2EE0208AA}
		{9271E76D-F827-4032-8BF9-64484265CE50} = {75B748DA-FBD9-48DD-9D25-45D2EE0208AA}
		{680CE802-0D17-46AF-AB7D-3DCB9D362B24} = {75B748DA-FBD9-48DD-9D25-45D2EE0208AA}
		{ACB0D078-F626-4B69-8B87-EEADB9C68BF1} = {75B748DA-FBD9-48DD-9D25-45D2EE0208AA}
		{97AB0998-5403-4B53-B0C2-27F70D3EB720} = {3D868B4F-4EB0-47CB-8691-C79DC26DEB66}
		{A1CBA33E-F49A-4F04-929A-DC6B752BD0E3} = {3D868B4F-4EB0-47CB-8691-C79DC26DEB66}
		{8579E0AD-C294-467E-887F-648F3426299B} = {3D868B4F-4EB0-47CB-8691-C79DC26DEB66}
		{6BBA4F3B-7B76-41E0-9C30-DCCD53DB161F} = {3D868B4F-4EB0-47CB-8691-C79DC26DEB66}
		{F2B0EC39-B4A7-4950-AF9B-8A0A76D962B4} = {3D868B4F-4EB0-47CB-8691-C79DC26DEB66}
		{15556068-9249-441A-B5E6-802FAB2BCEFF} = {3D868B4F-4EB0-47CB-8691-C79DC26DEB66}
		{4F60F91A-B53C-45FC-834B-1F4F975BF008} = {3D868B4F-4EB0-47CB-8691-C79DC26DEB66}
		{9E5DFF5A-7CD7-4C70-8B89-408ADA9DA625} = {3D868B4F-4EB0-47CB-8691-C79DC26DEB66}
		{B0A28E28-6692-430D-B4A5-8D99753571CD} = {3D868B4F-4EB0-47CB-8691-C79DC26DEB66}
		{8282F57A-BB06-4C60-8EA2-0F200C590363} = {3D868B4F-4EB0-47CB-8691-C79DC26DEB66}
		{A78A395B-7C4F-4943-A4BE-D84D0E8673F4} = {3D868B4F-4EB0-47CB-8691-C79DC26DEB66}
		{FFA44A2F-B4AF-48D5-92A6-E28C0744961A} = {3D868B4F-4EB0-47CB-8691-C79DC26DEB66}
		{80AD06A5-3D24-4AE8-BD0C-A0FAC7E7F0B8} = {3D868B4F-4EB0-47CB-8691-C79DC26DEB66}
		{D6D9F56A-A32B-47BE-A423-F253C95DCC91} = {3D868B4F-4EB0-47CB-8691-C79DC26DEB66}
		{9BC3E884-26CE-4A6E-9728-7EFECB35AB96} = {3D868B4F-4EB0-47CB-8691-C79DC26DEB66}
		{80DC3EFF-3378-4561-899F-79FAEB8C0DBC} = {3D868B4F-4EB0-47CB-8691-C79DC26DEB66}
		{A92E4812-524D-4B1F-B0A6-6D909766610E} = {463D5051-6165-4599-8C0B-906B6BC92BE3}
		{2AE8BF2F-F750-422F-99CB-3CDE0278592D} = {463D5051-6165-4599-8C0B-906B6BC92BE3}
		{B49E8754-1E20-4A5B-9419-EF3EA36AD170} = {463D5051-6165-4599-8C0B-906B6BC92BE3}
		{6392B5B6-E3C2-46AA-8200-7E612EF2225F} = {463D5051-6165-4599-8C0B-906B6BC92BE3}
		{513E275F-6C24-49E6-AFB4-347F03DBE802} = {463D5051-6165-4599-8C0B-906B6BC92BE3}
		{324BFD37-5C7F-4473-9E86-437A3F516B61} = {463D5051-6165-4599-8C0B-906B6BC92BE3}
		{5161A198-5F07-44AF-BFA2-D4BFE7A48913} = {463D5051-6165-4599-8C0B-906B6BC92BE3}
		{DA8FCED5-6B99-40CC-847F-CD1CCDE66CC4} = {463D5051-6165-4599-8C0B-906B6BC92BE3}
		{1444B9BA-F2FB-4C8F-8961-E70809BBFFDF} = {463D5051-6165-4599-8C0B-906B6BC92BE3}
		{65A031B4-487A-4320-A97C-E8CE0B23DF0D} = {463D5051-6165-4599-8C0B-906B6BC92BE3}
		{850EFBEB-8512-499D-911A-0B5D258C8836} = {463D5051-6165-4599-8C0B-906B6BC92BE3}
		{4305F583-0F07-4CA6-80D4-BC693013C5F0} = {463D5051-6165-4599-8C0B-906B6BC92BE3}
		{811FA78A-D0FA-4122-BEAB-BF789517F23C} = {CA207F3E-43D5-477C-8B2A-21AFA4A58C36}
		{D87915E7-8562-495F-8443-FB3E7636A425} = {CA207F3E-43D5-477C-8B2A-21AFA4A58C36}
		{6EC85E6F-554A-4457-8A61-043D840D61BC} = {CA207F3E-43D5-477C-8B2A-21AFA4A58C36}
		{B8670097-181B-4FA2-9941-93B6514D6999} = {CA207F3E-43D5-477C-8B2A-21AFA4A58C36}
		{E5F9C757-66D1-4E1B-B6CA-529F45F37DD3} = {CA207F3E-43D5-477C-8B2A-21AFA4A58C36}
		{B7008D43-FD75-45BC-BF7D-332690755DF9} = {CA207F3E-43D5-477C-8B2A-21AFA4A58C36}
		{728A117D-5C6B-4EC5-8883-510F489CB729} = {CA207F3E-43D5-477C-8B2A-21AFA4A58C36}
		{C02F89E8-03A5-408F-BF70-6AB4D9F77D12} = {CA207F3E-43D5-477C-8B2A-21AFA4A58C36}
		{ECEAE641-7CED-468B-AFDC-D96D0BD8DAA0} = {CA207F3E-43D5-477C-8B2A-21AFA4A58C36}
		{34814729-DBDE-408A-A18B-AE3E5820EAE7} = {CA207F3E-43D5-477C-8B2A-21AFA4A58C36}
		{3DC30F9D-7910-4A2A-9CFB-ED40B33F97A5} = {CA207F3E-43D5-477C-8B2A-21AFA4A58C36}
		{AEA76220-EEB2-4390-B347-B35F7697FE14} = {3BA3204D-F827-470C-B4B6-197A93EF7C4E}
		{07AC3B89-F22B-4B29-8944-B239F3A565F0} = {3BA3204D-F827-470C-B4B6-197A93EF7C4E}
		{7A8B4A2F-AB8B-48BE-8A54-C218C99A3BD1} = {3BA3204D-F827-470C-B4B6-197A93EF7C4E}
		{668FF632-8BFC-4EE0-9376-F35C688543EF} = {3BA3204D-F827-470C-B4B6-197A93EF7C4E}
		{983F990A-6E65-4CB0-862A-A98994995F10} = {3BA3204D-F827-470C-B4B6-197A93EF7C4E}
		{C19E2077-61BA-46D5-893D-1B08B9E44EA2} = {3BA3204D-F827-470C-B4B6-197A93EF7C4E}
		{9C367F5D-B7E6-4856-92C2-712400DF62D3} = {3BA3204D-F827-470C-B4B6-197A93EF7C4E}
		{A22FFA67-87B6-4019-8EAF-F1BBE41069A8} = {3BA3204D-F827-470C-B4B6-197A93EF7C4E}
		{47309944-8201-482F-9374-28465002BE93} = {F311941D-DD3D-4A80-B95F-A4429F7F7810}
		{7EC02CE5-8D1D-4BBB-A723-954C2AC8750E} = {F311941D-DD3D-4A80-B95F-A4429F7F7810}
		{6947C90C-DE0A-4F70-8B44-42B9678435C8} = {F311941D-DD3D-4A80-B95F-A4429F7F7810}
		{7CDD7AD9-D607-4F20-9A6B-34A615C491BD} = {F311941D-DD3D-4A80-B95F-A4429F7F7810}
		{9CDE8560-0B98-4E8F-86F7-19B99C4E3B82} = {F311941D-DD3D-4A80-B95F-A4429F7F7810}
		{153C9E52-646B-45C2-9218-C54D9C8D524A} = {F311941D-DD3D-4A80-B95F-A4429F7F7810}
		{7535D725-5BC2-4C9A-B45C-2823979FC0A7} = {F311941D-DD3D-4A80-B95F-A4429F7F7810}
		{06F33BA1-BF0A-499C-B2A7-E67284B4EC07} = {F311941D-DD3D-4A80-B95F-A4429F7F7810}
		{3EE36BB0-5263-4DA0-A8EB-45BE0E8110F6} = {F311941D-DD3D-4A80-B95F-A4429F7F7810}
		{DAE229EC-AB29-4D77-AB72-53C84644ADEF} = {F311941D-DD3D-4A80-B95F-A4429F7F7810}
		{001B5997-4BA4-428C-85F7-357F5E035BB8} = {D3A51E20-EAB6-4F00-BC8C-9E6CB6F906AB}
		{697C2F2B-60DD-4117-9B06-07B71C2BD4A3} = {D3A51E20-EAB6-4F00-BC8C-9E6CB6F906AB}
		{2728E062-7234-45DF-95AD-DF17CC62F98A} = {D3A51E20-EAB6-4F00-BC8C-9E6CB6F906AB}
		{A3FF4B00-4FEC-46A4-91D4-23632B32ADFF} = {D3A51E20-EAB6-4F00-BC8C-9E6CB6F906AB}
		{F8ED1B9F-A69F-4F10-8E70-6E74FB61425C} = {D3A51E20-EAB6-4F00-BC8C-9E6CB6F906AB}
		{CA1E3494-5262-44C0-B95B-68ED976BC1B8} = {D3A51E20-EAB6-4F00-BC8C-9E6CB6F906AB}
		{8D6C9CD6-4192-4CE3-B3CD-25507BB7BA96} = {D3A51E20-EAB6-4F00-BC8C-9E6CB6F906AB}
		{F199C8B8-12BB-4A22-984D-31BD1DBA014A} = {D3A51E20-EAB6-4F00-BC8C-9E6CB6F906AB}
		{313E3CC5-95D8-43E8-BAE5-75E0DF41A53A} = {D3A51E20-EAB6-4F00-BC8C-9E6CB6F906AB}
		{BC77D48B-5A74-476E-AE1C-F361F7F3D435} = {D3A51E20-EAB6-4F00-BC8C-9E6CB6F906AB}
		{F1AA3354-C07E-4F09-BDB4-3CD4008B829B} = {D3A51E20-EAB6-4F00-BC8C-9E6CB6F906AB}
		{55BB9AC9-A442-46B8-8A6B-135F792BA8C0} = {5D019D11-5388-43BF-92F9-CDC5D3E9940B}
		{08700622-A6FC-4356-9F3D-0368FEB2F127} = {5D019D11-5388-43BF-92F9-CDC5D3E9940B}
		{0A4857D4-B637-4DC1-967E-D18CB3EE1AA2} = {5D019D11-5388-43BF-92F9-CDC5D3E9940B}
		{2AC89113-9F2E-401B-BD7E-3A1C1930A8E1} = {5D019D11-5388-43BF-92F9-CDC5D3E9940B}
		{5505A4C7-D4BB-4429-9E9D-3C6034CB2E9B} = {5D019D11-5388-43BF-92F9-CDC5D3E9940B}
		{C5CF6B2D-2F58-4E51-921A-BED94B5C0080} = {5D019D11-5388-43BF-92F9-CDC5D3E9940B}
		{A20DD6D6-BBE0-4A2E-9018-B714A927FD8A} = {5D019D11-5388-43BF-92F9-CDC5D3E9940B}
		{D82800C4-F162-48F2-8021-874671122097} = {5D019D11-5388-43BF-92F9-CDC5D3E9940B}
		{C642F615-1E94-49B5-936A-6AFAAC48330C} = {5D019D11-5388-43BF-92F9-CDC5D3E9940B}
		{D6985D63-6692-4EF4-8B40-B1475F5080F5} = {5D019D11-5388-43BF-92F9-CDC5D3E9940B}
		{7EF3E346-C7B0-4DF7-BD25-2A7020521E6B} = {5D019D11-5388-43BF-92F9-CDC5D3E9940B}
		{8A5A0B62-6582-4F34-B01C-1222E73254E0} = {C9143874-DEC3-481D-9ABF-5FAFAD437996}
		{E8657549-5C53-47FB-BE45-5A0868872D86} = {C9143874-DEC3-481D-9ABF-5FAFAD437996}
		{04446C68-8436-4913-8AC7-B2E48BB69A17} = {C9143874-DEC3-481D-9ABF-5FAFAD437996}
		{84321D3B-E077-40C9-9BC6-AC40EE87F58B} = {C9143874-DEC3-481D-9ABF-5FAFAD437996}
		{920ADCEC-57D2-41B1-B918-87EE23C32ED0} = {C9143874-DEC3-481D-9ABF-5FAFAD437996}
		{163E422F-82DC-4753-B566-B5A2F20B5883} = {C9143874-DEC3-481D-9ABF-5FAFAD437996}
		{4DFF57FC-8929-4495-A9E5-48FAF26DF6B0} = {C9143874-DEC3-481D-9ABF-5FAFAD437996}
		{EBB530B7-1D43-4410-AC0D-401184E00122} = {41D09118-0851-44EC-B8C2-B277C39EBD59}
		{AF88C0FC-195E-46AE-BBDB-53AE073A08B3} = {41D09118-0851-44EC-B8C2-B277C39EBD59}
		{4AF559DF-8342-4055-AEBD-63B7C07A50F9} = {41D09118-0851-44EC-B8C2-B277C39EBD59}
		{0B987DCA-50A6-48B3-9D7E-3EEAB0B25C9F} = {41D09118-0851-44EC-B8C2-B277C39EBD59}
		{B6E11AEA-C5B9-40A6-95A9-AC23B6473678} = {41D09118-0851-44EC-B8C2-B277C39EBD59}
		{F7CEDA1B-CE57-47A5-A0CA-892BA3D5F423} = {41D09118-0851-44EC-B8C2-B277C39EBD59}
		{02DA8341-2191-413C-804C-C1359FABB305} = {41D09118-0851-44EC-B8C2-B277C39EBD59}
		{7DB20A16-247C-40D2-8ED1-5C019E2AC695} = {41D09118-0851-44EC-B8C2-B277C39EBD59}
		{2C42834B-D654-494E-8237-A2B5FC8987D5} = {EBCE7F89-4F5A-4209-8973-4029D3E725A6}
		{56D6E207-770C-4475-831F-0A38375E352D} = {EBCE7F89-4F5A-4209-8973-4029D3E725A6}
		{D0F7C843-A92E-4D9C-B810-E2F2A4B8EABA} = {EBCE7F89-4F5A-4209-8973-4029D3E725A6}
		{3FB6192C-B3F1-4140-91EC-23239A3158B2} = {EBCE7F89-4F5A-4209-8973-4029D3E725A6}
	EndGlobalSection
	GlobalSection(ExtensibilityGlobals) = postSolution
		SolutionGuid = {8877039F-4D42-4314-81D1-03E4C7C7078B}
	EndGlobalSection
EndGlobal
