
Microsoft Visual Studio Solution File, Format Version 12.00
# Visual Studio Version 16
VisualStudioVersion = 16.0.32002.261
MinimumVisualStudioVersion = 10.0.40219.1
Project("{9A19103F-16F7-4668-BE54-9A1E7A4F7556}") = "StudentInfo", "ProgrammingFundamentals\StudentInfo.csproj", "{DEE26381-BA84-431D-9D15-42DC8F58E697}"
EndProject
Project("{2150E333-8FDC-42A3-9474-1A3956D46DE8}") = "BasicSyntax", "BasicSyntax", "{75B748DA-FBD9-48DD-9D25-45D2EE0208AA}"
EndProject
Project("{9A19103F-16F7-4668-BE54-9A1E7A4F7556}") = "Passed", "Passed\Passed.csproj", "{6224C1F8-E029-4F5F-B655-2D5BECF13BCB}"
EndProject
Project("{9A19103F-16F7-4668-BE54-9A1E7A4F7556}") = "PassedOrFailed", "PassedOrFailed\PassedOrFailed.csproj", "{22C59802-1CC3-482C-BED0-595E9E66BD40}"
EndProject
Project("{9A19103F-16F7-4668-BE54-9A1E7A4F7556}") = "BackIn30Mins", "BackIn30Mins\BackIn30Mins.csproj", "{BAF43B29-C181-4142-BF77-A2A74C1625E1}"
EndProject
Project("{9A19103F-16F7-4668-BE54-9A1E7A4F7556}") = "MonthPrinter", "MonthPrinter\MonthPrinter.csproj", "{91258171-5514-403F-A791-ADD92E8F70B4}"
EndProject
Project("{9A19103F-16F7-4668-BE54-9A1E7A4F7556}") = "ForeignLanguages", "ForeignLanguages\ForeignLanguages.csproj", "{03D391FE-2A67-4BB0-94A1-0E79700B5793}"
EndProject
Project("{9A19103F-16F7-4668-BE54-9A1E7A4F7556}") = "TheatrePromotions", "TheatrePromotions\TheatrePromotions.csproj", "{396200E4-D075-4B96-A8E8-6D37A9CBC723}"
EndProject
Project("{9A19103F-16F7-4668-BE54-9A1E7A4F7556}") = "DivisableBy3", "DivisableBy3\DivisableBy3.csproj", "{DC848185-FF91-4B3D-8C6E-9AC1069F2812}"
EndProject
Project("{9A19103F-16F7-4668-BE54-9A1E7A4F7556}") = "SumOfOddNums", "SumOfOddNums\SumOfOddNums.csproj", "{9B9D9221-6799-4A81-95AE-90C03C1996EB}"
EndProject
Project("{9A19103F-16F7-4668-BE54-9A1E7A4F7556}") = "MultiplicationTable", "MultiplicationTable\MultiplicationTable.csproj", "{A131AD30-978E-4E0C-B7B1-99ADE2CA683B}"
EndProject
Project("{9A19103F-16F7-4668-BE54-9A1E7A4F7556}") = "MultiplicationTable2.0", "MultiplicationTable2.0\MultiplicationTable2.0.csproj", "{9271E76D-F827-4032-8BF9-64484265CE50}"
EndProject
Project("{9A19103F-16F7-4668-BE54-9A1E7A4F7556}") = "EvenNumber", "EvenNumber\EvenNumber.csproj", "{680CE802-0D17-46AF-AB7D-3DCB9D362B24}"
EndProject
Project("{9A19103F-16F7-4668-BE54-9A1E7A4F7556}") = "CodeDebuging", "CodeDebuging\CodeDebuging.csproj", "{ACB0D078-F626-4B69-8B87-EEADB9C68BF1}"
EndProject
Project("{2150E333-8FDC-42A3-9474-1A3956D46DE8}") = "BasicSyntaxExercise", "BasicSyntaxExercise", "{3D868B4F-4EB0-47CB-8691-C79DC26DEB66}"
EndProject
Project("{9A19103F-16F7-4668-BE54-9A1E7A4F7556}") = "Ages", "Ages\Ages.csproj", "{97AB0998-5403-4B53-B0C2-27F70D3EB720}"
EndProject
Project("{9A19103F-16F7-4668-BE54-9A1E7A4F7556}") = "Division", "Division\Division.csproj", "{A1CBA33E-F49A-4F04-929A-DC6B752BD0E3}"
EndProject
Project("{9A19103F-16F7-4668-BE54-9A1E7A4F7556}") = "Vacation", "Vacation\Vacation.csproj", "{8579E0AD-C294-467E-887F-648F3426299B}"
EndProject
Project("{9A19103F-16F7-4668-BE54-9A1E7A4F7556}") = "PrintAndSum", "PrintAndSum\PrintAndSum.csproj", "{6BBA4F3B-7B76-41E0-9C30-DCCD53DB161F}"
EndProject
Project("{9A19103F-16F7-4668-BE54-9A1E7A4F7556}") = "Login", "Login\Login.csproj", "{F2B0EC39-B4A7-4950-AF9B-8A0A76D962B4}"
EndProject
Project("{9A19103F-16F7-4668-BE54-9A1E7A4F7556}") = "StrongNumber", "StrongNumber\StrongNumber.csproj", "{15556068-9249-441A-B5E6-802FAB2BCEFF}"
EndProject
Project("{9A19103F-16F7-4668-BE54-9A1E7A4F7556}") = "VendingMachine", "VendingMachine\VendingMachine.csproj", "{4F60F91A-B53C-45FC-834B-1F4F975BF008}"
EndProject
Project("{9A19103F-16F7-4668-BE54-9A1E7A4F7556}") = "TriangleOfNumbers", "TriangleOfNumbers\TriangleOfNumbers.csproj", "{9E5DFF5A-7CD7-4C70-8B89-408ADA9DA625}"
EndProject
Project("{9A19103F-16F7-4668-BE54-9A1E7A4F7556}") = "PadwanEquipment", "PadwanEquipment\PadwanEquipment.csproj", "{B0A28E28-6692-430D-B4A5-8D99753571CD}"
EndProject
Project("{9A19103F-16F7-4668-BE54-9A1E7A4F7556}") = "RageExpenses", "RageExpenses\RageExpenses.csproj", "{8282F57A-BB06-4C60-8EA2-0F200C590363}"
EndProject
Project("{9A19103F-16F7-4668-BE54-9A1E7A4F7556}") = "Orders", "Orders\Orders.csproj", "{A78A395B-7C4F-4943-A4BE-D84D0E8673F4}"
EndProject
Project("{9A19103F-16F7-4668-BE54-9A1E7A4F7556}") = "SortNumbers", "SortNumbers\SortNumbers.csproj", "{FFA44A2F-B4AF-48D5-92A6-E28C0744961A}"
EndProject
Project("{9A19103F-16F7-4668-BE54-9A1E7A4F7556}") = "LastDigitInEnglish", "LastDigitInEnglish\LastDigitInEnglish.csproj", "{80AD06A5-3D24-4AE8-BD0C-A0FAC7E7F0B8}"
EndProject
Project("{9A19103F-16F7-4668-BE54-9A1E7A4F7556}") = "GamingStore", "GamingStore\GamingStore.csproj", "{D6D9F56A-A32B-47BE-A423-F253C95DCC91}"
EndProject
Project("{9A19103F-16F7-4668-BE54-9A1E7A4F7556}") = "ReverseString", "ReverseString\ReverseString.csproj", "{9BC3E884-26CE-4A6E-9728-7EFECB35AB96}"
EndProject
Project("{9A19103F-16F7-4668-BE54-9A1E7A4F7556}") = "PhoneKeyPad", "PhoneKeyPad\PhoneKeyPad.csproj", "{80DC3EFF-3378-4561-899F-79FAEB8C0DBC}"
EndProject
Project("{2150E333-8FDC-42A3-9474-1A3956D46DE8}") = "DataTypesAndVars", "DataTypesAndVars", "{463D5051-6165-4599-8C0B-906B6BC92BE3}"
EndProject
Project("{9A19103F-16F7-4668-BE54-9A1E7A4F7556}") = "ConvertMetersToKilos", "ConvertMetersToKilos\ConvertMetersToKilos.csproj", "{A92E4812-524D-4B1F-B0A6-6D909766610E}"
EndProject
Project("{9A19103F-16F7-4668-BE54-9A1E7A4F7556}") = "PoundsToDollars", "PoundsToDollars\PoundsToDollars.csproj", "{2AE8BF2F-F750-422F-99CB-3CDE0278592D}"
EndProject
Project("{9A19103F-16F7-4668-BE54-9A1E7A4F7556}") = "ExactSumOfRealNums", "ExactSumOfRealNums\ExactSumOfRealNums.csproj", "{B49E8754-1E20-4A5B-9419-EF3EA36AD170}"
EndProject
Project("{9A19103F-16F7-4668-BE54-9A1E7A4F7556}") = "CenturiesToMinutes", "CenturiesToMinutes\CenturiesToMinutes.csproj", "{6392B5B6-E3C2-46AA-8200-7E612EF2225F}"
EndProject
Project("{9A19103F-16F7-4668-BE54-9A1E7A4F7556}") = "StrongNums", "StrongNums\StrongNums.csproj", "{513E275F-6C24-49E6-AFB4-347F03DBE802}"
EndProject
Project("{9A19103F-16F7-4668-BE54-9A1E7A4F7556}") = "ReversedChars", "ReversedChars\ReversedChars.csproj", "{324BFD37-5C7F-4473-9E86-437A3F516B61}"
EndProject
Project("{9A19103F-16F7-4668-BE54-9A1E7A4F7556}") = "ConcatNames", "ConcatNames\ConcatNames.csproj", "{5161A198-5F07-44AF-BFA2-D4BFE7A48913}"
EndProject
Project("{9A19103F-16F7-4668-BE54-9A1E7A4F7556}") = "TownInfo", "TownInfo\TownInfo.csproj", "{DA8FCED5-6B99-40CC-847F-CD1CCDE66CC4}"
EndProject
Project("{9A19103F-16F7-4668-BE54-9A1E7A4F7556}") = "CharsToString", "CharsToString\CharsToString.csproj", "{1444B9BA-F2FB-4C8F-8961-E70809BBFFDF}"
EndProject
Project("{9A19103F-16F7-4668-BE54-9A1E7A4F7556}") = "UpperOrLower", "UpperOrLower\UpperOrLower.csproj", "{65A031B4-487A-4320-A97C-E8CE0B23DF0D}"
EndProject
Project("{9A19103F-16F7-4668-BE54-9A1E7A4F7556}") = "CodeRefactorPiramyd", "CodeRefactorPiramyd\CodeRefactorPiramyd.csproj", "{850EFBEB-8512-499D-911A-0B5D258C8836}"
EndProject
Project("{9A19103F-16F7-4668-BE54-9A1E7A4F7556}") = "CodeRefactoring", "CodeRefactoring\CodeRefactoring.csproj", "{4305F583-0F07-4CA6-80D4-BC693013C5F0}"
EndProject
Project("{2150E333-8FDC-42A3-9474-1A3956D46DE8}") = "DataTypeExercise", "DataTypeExercise", "{CA207F3E-43D5-477C-8B2A-21AFA4A58C36}"
EndProject
Project("{9A19103F-16F7-4668-BE54-9A1E7A4F7556}") = "IntengerOperations", "IntengerOperations\IntengerOperations.csproj", "{811FA78A-D0FA-4122-BEAB-BF789517F23C}"
EndProject
Project("{9A19103F-16F7-4668-BE54-9A1E7A4F7556}") = "SumOfDigits", "SumOfDigits\SumOfDigits.csproj", "{D87915E7-8562-495F-8443-FB3E7636A425}"
EndProject
Project("{9A19103F-16F7-4668-BE54-9A1E7A4F7556}") = "Elevator", "Elevator\Elevator.csproj", "{6EC85E6F-554A-4457-8A61-043D840D61BC}"
EndProject
Project("{9A19103F-16F7-4668-BE54-9A1E7A4F7556}") = "SumOfChars", "SumOfChars\SumOfChars.csproj", "{B8670097-181B-4FA2-9941-93B6514D6999}"
EndProject
Project("{9A19103F-16F7-4668-BE54-9A1E7A4F7556}") = "PrintASCIITableInRange", "PrintASCIITableInRange\PrintASCIITableInRange.csproj", "{E5F9C757-66D1-4E1B-B6CA-529F45F37DD3}"
EndProject
Project("{9A19103F-16F7-4668-BE54-9A1E7A4F7556}") = "TriplesOfLatinLetters", "TriplesOfLatinLetters\TriplesOfLatinLetters.csproj", "{B7008D43-FD75-45BC-BF7D-332690755DF9}"
EndProject
Project("{9A19103F-16F7-4668-BE54-9A1E7A4F7556}") = "WaterOverflow", "WaterOverflow\WaterOverflow.csproj", "{728A117D-5C6B-4EC5-8883-510F489CB729}"
EndProject
Project("{FAE04EC0-301F-11D3-BF4B-00C04F79EFBC}") = "BeerKegs", "BeerKegs\BeerKegs.csproj", "{C02F89E8-03A5-408F-BF70-6AB4D9F77D12}"
EndProject
Global
	GlobalSection(SolutionConfigurationPlatforms) = preSolution
		Debug|Any CPU = Debug|Any CPU
		Release|Any CPU = Release|Any CPU
	EndGlobalSection
	GlobalSection(ProjectConfigurationPlatforms) = postSolution
		{DEE26381-BA84-431D-9D15-42DC8F58E697}.Debug|Any CPU.ActiveCfg = Debug|Any CPU
		{DEE26381-BA84-431D-9D15-42DC8F58E697}.Debug|Any CPU.Build.0 = Debug|Any CPU
		{DEE26381-BA84-431D-9D15-42DC8F58E697}.Release|Any CPU.ActiveCfg = Release|Any CPU
		{DEE26381-BA84-431D-9D15-42DC8F58E697}.Release|Any CPU.Build.0 = Release|Any CPU
		{6224C1F8-E029-4F5F-B655-2D5BECF13BCB}.Debug|Any CPU.ActiveCfg = Debug|Any CPU
		{6224C1F8-E029-4F5F-B655-2D5BECF13BCB}.Debug|Any CPU.Build.0 = Debug|Any CPU
		{6224C1F8-E029-4F5F-B655-2D5BECF13BCB}.Release|Any CPU.ActiveCfg = Release|Any CPU
		{6224C1F8-E029-4F5F-B655-2D5BECF13BCB}.Release|Any CPU.Build.0 = Release|Any CPU
		{22C59802-1CC3-482C-BED0-595E9E66BD40}.Debug|Any CPU.ActiveCfg = Debug|Any CPU
		{22C59802-1CC3-482C-BED0-595E9E66BD40}.Debug|Any CPU.Build.0 = Debug|Any CPU
		{22C59802-1CC3-482C-BED0-595E9E66BD40}.Release|Any CPU.ActiveCfg = Release|Any CPU
		{22C59802-1CC3-482C-BED0-595E9E66BD40}.Release|Any CPU.Build.0 = Release|Any CPU
		{BAF43B29-C181-4142-BF77-A2A74C1625E1}.Debug|Any CPU.ActiveCfg = Debug|Any CPU
		{BAF43B29-C181-4142-BF77-A2A74C1625E1}.Debug|Any CPU.Build.0 = Debug|Any CPU
		{BAF43B29-C181-4142-BF77-A2A74C1625E1}.Release|Any CPU.ActiveCfg = Release|Any CPU
		{BAF43B29-C181-4142-BF77-A2A74C1625E1}.Release|Any CPU.Build.0 = Release|Any CPU
		{91258171-5514-403F-A791-ADD92E8F70B4}.Debug|Any CPU.ActiveCfg = Debug|Any CPU
		{91258171-5514-403F-A791-ADD92E8F70B4}.Debug|Any CPU.Build.0 = Debug|Any CPU
		{91258171-5514-403F-A791-ADD92E8F70B4}.Release|Any CPU.ActiveCfg = Release|Any CPU
		{91258171-5514-403F-A791-ADD92E8F70B4}.Release|Any CPU.Build.0 = Release|Any CPU
		{03D391FE-2A67-4BB0-94A1-0E79700B5793}.Debug|Any CPU.ActiveCfg = Debug|Any CPU
		{03D391FE-2A67-4BB0-94A1-0E79700B5793}.Debug|Any CPU.Build.0 = Debug|Any CPU
		{03D391FE-2A67-4BB0-94A1-0E79700B5793}.Release|Any CPU.ActiveCfg = Release|Any CPU
		{03D391FE-2A67-4BB0-94A1-0E79700B5793}.Release|Any CPU.Build.0 = Release|Any CPU
		{396200E4-D075-4B96-A8E8-6D37A9CBC723}.Debug|Any CPU.ActiveCfg = Debug|Any CPU
		{396200E4-D075-4B96-A8E8-6D37A9CBC723}.Debug|Any CPU.Build.0 = Debug|Any CPU
		{396200E4-D075-4B96-A8E8-6D37A9CBC723}.Release|Any CPU.ActiveCfg = Release|Any CPU
		{396200E4-D075-4B96-A8E8-6D37A9CBC723}.Release|Any CPU.Build.0 = Release|Any CPU
		{DC848185-FF91-4B3D-8C6E-9AC1069F2812}.Debug|Any CPU.ActiveCfg = Debug|Any CPU
		{DC848185-FF91-4B3D-8C6E-9AC1069F2812}.Debug|Any CPU.Build.0 = Debug|Any CPU
		{DC848185-FF91-4B3D-8C6E-9AC1069F2812}.Release|Any CPU.ActiveCfg = Release|Any CPU
		{DC848185-FF91-4B3D-8C6E-9AC1069F2812}.Release|Any CPU.Build.0 = Release|Any CPU
		{9B9D9221-6799-4A81-95AE-90C03C1996EB}.Debug|Any CPU.ActiveCfg = Debug|Any CPU
		{9B9D9221-6799-4A81-95AE-90C03C1996EB}.Debug|Any CPU.Build.0 = Debug|Any CPU
		{9B9D9221-6799-4A81-95AE-90C03C1996EB}.Release|Any CPU.ActiveCfg = Release|Any CPU
		{9B9D9221-6799-4A81-95AE-90C03C1996EB}.Release|Any CPU.Build.0 = Release|Any CPU
		{A131AD30-978E-4E0C-B7B1-99ADE2CA683B}.Debug|Any CPU.ActiveCfg = Debug|Any CPU
		{A131AD30-978E-4E0C-B7B1-99ADE2CA683B}.Debug|Any CPU.Build.0 = Debug|Any CPU
		{A131AD30-978E-4E0C-B7B1-99ADE2CA683B}.Release|Any CPU.ActiveCfg = Release|Any CPU
		{A131AD30-978E-4E0C-B7B1-99ADE2CA683B}.Release|Any CPU.Build.0 = Release|Any CPU
		{9271E76D-F827-4032-8BF9-64484265CE50}.Debug|Any CPU.ActiveCfg = Debug|Any CPU
		{9271E76D-F827-4032-8BF9-64484265CE50}.Debug|Any CPU.Build.0 = Debug|Any CPU
		{9271E76D-F827-4032-8BF9-64484265CE50}.Release|Any CPU.ActiveCfg = Release|Any CPU
		{9271E76D-F827-4032-8BF9-64484265CE50}.Release|Any CPU.Build.0 = Release|Any CPU
		{680CE802-0D17-46AF-AB7D-3DCB9D362B24}.Debug|Any CPU.ActiveCfg = Debug|Any CPU
		{680CE802-0D17-46AF-AB7D-3DCB9D362B24}.Debug|Any CPU.Build.0 = Debug|Any CPU
		{680CE802-0D17-46AF-AB7D-3DCB9D362B24}.Release|Any CPU.ActiveCfg = Release|Any CPU
		{680CE802-0D17-46AF-AB7D-3DCB9D362B24}.Release|Any CPU.Build.0 = Release|Any CPU
		{ACB0D078-F626-4B69-8B87-EEADB9C68BF1}.Debug|Any CPU.ActiveCfg = Debug|Any CPU
		{ACB0D078-F626-4B69-8B87-EEADB9C68BF1}.Debug|Any CPU.Build.0 = Debug|Any CPU
		{ACB0D078-F626-4B69-8B87-EEADB9C68BF1}.Release|Any CPU.ActiveCfg = Release|Any CPU
		{ACB0D078-F626-4B69-8B87-EEADB9C68BF1}.Release|Any CPU.Build.0 = Release|Any CPU
		{97AB0998-5403-4B53-B0C2-27F70D3EB720}.Debug|Any CPU.ActiveCfg = Debug|Any CPU
		{97AB0998-5403-4B53-B0C2-27F70D3EB720}.Debug|Any CPU.Build.0 = Debug|Any CPU
		{97AB0998-5403-4B53-B0C2-27F70D3EB720}.Release|Any CPU.ActiveCfg = Release|Any CPU
		{97AB0998-5403-4B53-B0C2-27F70D3EB720}.Release|Any CPU.Build.0 = Release|Any CPU
		{A1CBA33E-F49A-4F04-929A-DC6B752BD0E3}.Debug|Any CPU.ActiveCfg = Debug|Any CPU
		{A1CBA33E-F49A-4F04-929A-DC6B752BD0E3}.Debug|Any CPU.Build.0 = Debug|Any CPU
		{A1CBA33E-F49A-4F04-929A-DC6B752BD0E3}.Release|Any CPU.ActiveCfg = Release|Any CPU
		{A1CBA33E-F49A-4F04-929A-DC6B752BD0E3}.Release|Any CPU.Build.0 = Release|Any CPU
		{8579E0AD-C294-467E-887F-648F3426299B}.Debug|Any CPU.ActiveCfg = Debug|Any CPU
		{8579E0AD-C294-467E-887F-648F3426299B}.Debug|Any CPU.Build.0 = Debug|Any CPU
		{8579E0AD-C294-467E-887F-648F3426299B}.Release|Any CPU.ActiveCfg = Release|Any CPU
		{8579E0AD-C294-467E-887F-648F3426299B}.Release|Any CPU.Build.0 = Release|Any CPU
		{6BBA4F3B-7B76-41E0-9C30-DCCD53DB161F}.Debug|Any CPU.ActiveCfg = Debug|Any CPU
		{6BBA4F3B-7B76-41E0-9C30-DCCD53DB161F}.Debug|Any CPU.Build.0 = Debug|Any CPU
		{6BBA4F3B-7B76-41E0-9C30-DCCD53DB161F}.Release|Any CPU.ActiveCfg = Release|Any CPU
		{6BBA4F3B-7B76-41E0-9C30-DCCD53DB161F}.Release|Any CPU.Build.0 = Release|Any CPU
		{F2B0EC39-B4A7-4950-AF9B-8A0A76D962B4}.Debug|Any CPU.ActiveCfg = Debug|Any CPU
		{F2B0EC39-B4A7-4950-AF9B-8A0A76D962B4}.Debug|Any CPU.Build.0 = Debug|Any CPU
		{F2B0EC39-B4A7-4950-AF9B-8A0A76D962B4}.Release|Any CPU.ActiveCfg = Release|Any CPU
		{F2B0EC39-B4A7-4950-AF9B-8A0A76D962B4}.Release|Any CPU.Build.0 = Release|Any CPU
		{15556068-9249-441A-B5E6-802FAB2BCEFF}.Debug|Any CPU.ActiveCfg = Debug|Any CPU
		{15556068-9249-441A-B5E6-802FAB2BCEFF}.Debug|Any CPU.Build.0 = Debug|Any CPU
		{15556068-9249-441A-B5E6-802FAB2BCEFF}.Release|Any CPU.ActiveCfg = Release|Any CPU
		{15556068-9249-441A-B5E6-802FAB2BCEFF}.Release|Any CPU.Build.0 = Release|Any CPU
		{4F60F91A-B53C-45FC-834B-1F4F975BF008}.Debug|Any CPU.ActiveCfg = Debug|Any CPU
		{4F60F91A-B53C-45FC-834B-1F4F975BF008}.Debug|Any CPU.Build.0 = Debug|Any CPU
		{4F60F91A-B53C-45FC-834B-1F4F975BF008}.Release|Any CPU.ActiveCfg = Release|Any CPU
		{4F60F91A-B53C-45FC-834B-1F4F975BF008}.Release|Any CPU.Build.0 = Release|Any CPU
		{9E5DFF5A-7CD7-4C70-8B89-408ADA9DA625}.Debug|Any CPU.ActiveCfg = Debug|Any CPU
		{9E5DFF5A-7CD7-4C70-8B89-408ADA9DA625}.Debug|Any CPU.Build.0 = Debug|Any CPU
		{9E5DFF5A-7CD7-4C70-8B89-408ADA9DA625}.Release|Any CPU.ActiveCfg = Release|Any CPU
		{9E5DFF5A-7CD7-4C70-8B89-408ADA9DA625}.Release|Any CPU.Build.0 = Release|Any CPU
		{B0A28E28-6692-430D-B4A5-8D99753571CD}.Debug|Any CPU.ActiveCfg = Debug|Any CPU
		{B0A28E28-6692-430D-B4A5-8D99753571CD}.Debug|Any CPU.Build.0 = Debug|Any CPU
		{B0A28E28-6692-430D-B4A5-8D99753571CD}.Release|Any CPU.ActiveCfg = Release|Any CPU
		{B0A28E28-6692-430D-B4A5-8D99753571CD}.Release|Any CPU.Build.0 = Release|Any CPU
		{8282F57A-BB06-4C60-8EA2-0F200C590363}.Debug|Any CPU.ActiveCfg = Debug|Any CPU
		{8282F57A-BB06-4C60-8EA2-0F200C590363}.Debug|Any CPU.Build.0 = Debug|Any CPU
		{8282F57A-BB06-4C60-8EA2-0F200C590363}.Release|Any CPU.ActiveCfg = Release|Any CPU
		{8282F57A-BB06-4C60-8EA2-0F200C590363}.Release|Any CPU.Build.0 = Release|Any CPU
		{A78A395B-7C4F-4943-A4BE-D84D0E8673F4}.Debug|Any CPU.ActiveCfg = Debug|Any CPU
		{A78A395B-7C4F-4943-A4BE-D84D0E8673F4}.Debug|Any CPU.Build.0 = Debug|Any CPU
		{A78A395B-7C4F-4943-A4BE-D84D0E8673F4}.Release|Any CPU.ActiveCfg = Release|Any CPU
		{A78A395B-7C4F-4943-A4BE-D84D0E8673F4}.Release|Any CPU.Build.0 = Release|Any CPU
		{FFA44A2F-B4AF-48D5-92A6-E28C0744961A}.Debug|Any CPU.ActiveCfg = Debug|Any CPU
		{FFA44A2F-B4AF-48D5-92A6-E28C0744961A}.Debug|Any CPU.Build.0 = Debug|Any CPU
		{FFA44A2F-B4AF-48D5-92A6-E28C0744961A}.Release|Any CPU.ActiveCfg = Release|Any CPU
		{FFA44A2F-B4AF-48D5-92A6-E28C0744961A}.Release|Any CPU.Build.0 = Release|Any CPU
		{80AD06A5-3D24-4AE8-BD0C-A0FAC7E7F0B8}.Debug|Any CPU.ActiveCfg = Debug|Any CPU
		{80AD06A5-3D24-4AE8-BD0C-A0FAC7E7F0B8}.Debug|Any CPU.Build.0 = Debug|Any CPU
		{80AD06A5-3D24-4AE8-BD0C-A0FAC7E7F0B8}.Release|Any CPU.ActiveCfg = Release|Any CPU
		{80AD06A5-3D24-4AE8-BD0C-A0FAC7E7F0B8}.Release|Any CPU.Build.0 = Release|Any CPU
		{D6D9F56A-A32B-47BE-A423-F253C95DCC91}.Debug|Any CPU.ActiveCfg = Debug|Any CPU
		{D6D9F56A-A32B-47BE-A423-F253C95DCC91}.Debug|Any CPU.Build.0 = Debug|Any CPU
		{D6D9F56A-A32B-47BE-A423-F253C95DCC91}.Release|Any CPU.ActiveCfg = Release|Any CPU
		{D6D9F56A-A32B-47BE-A423-F253C95DCC91}.Release|Any CPU.Build.0 = Release|Any CPU
		{9BC3E884-26CE-4A6E-9728-7EFECB35AB96}.Debug|Any CPU.ActiveCfg = Debug|Any CPU
		{9BC3E884-26CE-4A6E-9728-7EFECB35AB96}.Debug|Any CPU.Build.0 = Debug|Any CPU
		{9BC3E884-26CE-4A6E-9728-7EFECB35AB96}.Release|Any CPU.ActiveCfg = Release|Any CPU
		{9BC3E884-26CE-4A6E-9728-7EFECB35AB96}.Release|Any CPU.Build.0 = Release|Any CPU
		{80DC3EFF-3378-4561-899F-79FAEB8C0DBC}.Debug|Any CPU.ActiveCfg = Debug|Any CPU
		{80DC3EFF-3378-4561-899F-79FAEB8C0DBC}.Debug|Any CPU.Build.0 = Debug|Any CPU
		{80DC3EFF-3378-4561-899F-79FAEB8C0DBC}.Release|Any CPU.ActiveCfg = Release|Any CPU
		{80DC3EFF-3378-4561-899F-79FAEB8C0DBC}.Release|Any CPU.Build.0 = Release|Any CPU
		{A92E4812-524D-4B1F-B0A6-6D909766610E}.Debug|Any CPU.ActiveCfg = Debug|Any CPU
		{A92E4812-524D-4B1F-B0A6-6D909766610E}.Debug|Any CPU.Build.0 = Debug|Any CPU
		{A92E4812-524D-4B1F-B0A6-6D909766610E}.Release|Any CPU.ActiveCfg = Release|Any CPU
		{A92E4812-524D-4B1F-B0A6-6D909766610E}.Release|Any CPU.Build.0 = Release|Any CPU
		{2AE8BF2F-F750-422F-99CB-3CDE0278592D}.Debug|Any CPU.ActiveCfg = Debug|Any CPU
		{2AE8BF2F-F750-422F-99CB-3CDE0278592D}.Debug|Any CPU.Build.0 = Debug|Any CPU
		{2AE8BF2F-F750-422F-99CB-3CDE0278592D}.Release|Any CPU.ActiveCfg = Release|Any CPU
		{2AE8BF2F-F750-422F-99CB-3CDE0278592D}.Release|Any CPU.Build.0 = Release|Any CPU
		{B49E8754-1E20-4A5B-9419-EF3EA36AD170}.Debug|Any CPU.ActiveCfg = Debug|Any CPU
		{B49E8754-1E20-4A5B-9419-EF3EA36AD170}.Debug|Any CPU.Build.0 = Debug|Any CPU
		{B49E8754-1E20-4A5B-9419-EF3EA36AD170}.Release|Any CPU.ActiveCfg = Release|Any CPU
		{B49E8754-1E20-4A5B-9419-EF3EA36AD170}.Release|Any CPU.Build.0 = Release|Any CPU
		{6392B5B6-E3C2-46AA-8200-7E612EF2225F}.Debug|Any CPU.ActiveCfg = Debug|Any CPU
		{6392B5B6-E3C2-46AA-8200-7E612EF2225F}.Debug|Any CPU.Build.0 = Debug|Any CPU
		{6392B5B6-E3C2-46AA-8200-7E612EF2225F}.Release|Any CPU.ActiveCfg = Release|Any CPU
		{6392B5B6-E3C2-46AA-8200-7E612EF2225F}.Release|Any CPU.Build.0 = Release|Any CPU
		{513E275F-6C24-49E6-AFB4-347F03DBE802}.Debug|Any CPU.ActiveCfg = Debug|Any CPU
		{513E275F-6C24-49E6-AFB4-347F03DBE802}.Debug|Any CPU.Build.0 = Debug|Any CPU
		{513E275F-6C24-49E6-AFB4-347F03DBE802}.Release|Any CPU.ActiveCfg = Release|Any CPU
		{513E275F-6C24-49E6-AFB4-347F03DBE802}.Release|Any CPU.Build.0 = Release|Any CPU
		{324BFD37-5C7F-4473-9E86-437A3F516B61}.Debug|Any CPU.ActiveCfg = Debug|Any CPU
		{324BFD37-5C7F-4473-9E86-437A3F516B61}.Debug|Any CPU.Build.0 = Debug|Any CPU
		{324BFD37-5C7F-4473-9E86-437A3F516B61}.Release|Any CPU.ActiveCfg = Release|Any CPU
		{324BFD37-5C7F-4473-9E86-437A3F516B61}.Release|Any CPU.Build.0 = Release|Any CPU
		{5161A198-5F07-44AF-BFA2-D4BFE7A48913}.Debug|Any CPU.ActiveCfg = Debug|Any CPU
		{5161A198-5F07-44AF-BFA2-D4BFE7A48913}.Debug|Any CPU.Build.0 = Debug|Any CPU
		{5161A198-5F07-44AF-BFA2-D4BFE7A48913}.Release|Any CPU.ActiveCfg = Release|Any CPU
		{5161A198-5F07-44AF-BFA2-D4BFE7A48913}.Release|Any CPU.Build.0 = Release|Any CPU
		{DA8FCED5-6B99-40CC-847F-CD1CCDE66CC4}.Debug|Any CPU.ActiveCfg = Debug|Any CPU
		{DA8FCED5-6B99-40CC-847F-CD1CCDE66CC4}.Debug|Any CPU.Build.0 = Debug|Any CPU
		{DA8FCED5-6B99-40CC-847F-CD1CCDE66CC4}.Release|Any CPU.ActiveCfg = Release|Any CPU
		{DA8FCED5-6B99-40CC-847F-CD1CCDE66CC4}.Release|Any CPU.Build.0 = Release|Any CPU
		{1444B9BA-F2FB-4C8F-8961-E70809BBFFDF}.Debug|Any CPU.ActiveCfg = Debug|Any CPU
		{1444B9BA-F2FB-4C8F-8961-E70809BBFFDF}.Debug|Any CPU.Build.0 = Debug|Any CPU
		{1444B9BA-F2FB-4C8F-8961-E70809BBFFDF}.Release|Any CPU.ActiveCfg = Release|Any CPU
		{1444B9BA-F2FB-4C8F-8961-E70809BBFFDF}.Release|Any CPU.Build.0 = Release|Any CPU
		{65A031B4-487A-4320-A97C-E8CE0B23DF0D}.Debug|Any CPU.ActiveCfg = Debug|Any CPU
		{65A031B4-487A-4320-A97C-E8CE0B23DF0D}.Debug|Any CPU.Build.0 = Debug|Any CPU
		{65A031B4-487A-4320-A97C-E8CE0B23DF0D}.Release|Any CPU.ActiveCfg = Release|Any CPU
		{65A031B4-487A-4320-A97C-E8CE0B23DF0D}.Release|Any CPU.Build.0 = Release|Any CPU
		{850EFBEB-8512-499D-911A-0B5D258C8836}.Debug|Any CPU.ActiveCfg = Debug|Any CPU
		{850EFBEB-8512-499D-911A-0B5D258C8836}.Debug|Any CPU.Build.0 = Debug|Any CPU
		{850EFBEB-8512-499D-911A-0B5D258C8836}.Release|Any CPU.ActiveCfg = Release|Any CPU
		{850EFBEB-8512-499D-911A-0B5D258C8836}.Release|Any CPU.Build.0 = Release|Any CPU
		{4305F583-0F07-4CA6-80D4-BC693013C5F0}.Debug|Any CPU.ActiveCfg = Debug|Any CPU
		{4305F583-0F07-4CA6-80D4-BC693013C5F0}.Debug|Any CPU.Build.0 = Debug|Any CPU
		{4305F583-0F07-4CA6-80D4-BC693013C5F0}.Release|Any CPU.ActiveCfg = Release|Any CPU
		{4305F583-0F07-4CA6-80D4-BC693013C5F0}.Release|Any CPU.Build.0 = Release|Any CPU
		{811FA78A-D0FA-4122-BEAB-BF789517F23C}.Debug|Any CPU.ActiveCfg = Debug|Any CPU
		{811FA78A-D0FA-4122-BEAB-BF789517F23C}.Debug|Any CPU.Build.0 = Debug|Any CPU
		{811FA78A-D0FA-4122-BEAB-BF789517F23C}.Release|Any CPU.ActiveCfg = Release|Any CPU
		{811FA78A-D0FA-4122-BEAB-BF789517F23C}.Release|Any CPU.Build.0 = Release|Any CPU
		{D87915E7-8562-495F-8443-FB3E7636A425}.Debug|Any CPU.ActiveCfg = Debug|Any CPU
		{D87915E7-8562-495F-8443-FB3E7636A425}.Debug|Any CPU.Build.0 = Debug|Any CPU
		{D87915E7-8562-495F-8443-FB3E7636A425}.Release|Any CPU.ActiveCfg = Release|Any CPU
		{D87915E7-8562-495F-8443-FB3E7636A425}.Release|Any CPU.Build.0 = Release|Any CPU
		{6EC85E6F-554A-4457-8A61-043D840D61BC}.Debug|Any CPU.ActiveCfg = Debug|Any CPU
		{6EC85E6F-554A-4457-8A61-043D840D61BC}.Debug|Any CPU.Build.0 = Debug|Any CPU
		{6EC85E6F-554A-4457-8A61-043D840D61BC}.Release|Any CPU.ActiveCfg = Release|Any CPU
		{6EC85E6F-554A-4457-8A61-043D840D61BC}.Release|Any CPU.Build.0 = Release|Any CPU
		{B8670097-181B-4FA2-9941-93B6514D6999}.Debug|Any CPU.ActiveCfg = Debug|Any CPU
		{B8670097-181B-4FA2-9941-93B6514D6999}.Debug|Any CPU.Build.0 = Debug|Any CPU
		{B8670097-181B-4FA2-9941-93B6514D6999}.Release|Any CPU.ActiveCfg = Release|Any CPU
		{B8670097-181B-4FA2-9941-93B6514D6999}.Release|Any CPU.Build.0 = Release|Any CPU
		{E5F9C757-66D1-4E1B-B6CA-529F45F37DD3}.Debug|Any CPU.ActiveCfg = Debug|Any CPU
		{E5F9C757-66D1-4E1B-B6CA-529F45F37DD3}.Debug|Any CPU.Build.0 = Debug|Any CPU
		{E5F9C757-66D1-4E1B-B6CA-529F45F37DD3}.Release|Any CPU.ActiveCfg = Release|Any CPU
		{E5F9C757-66D1-4E1B-B6CA-529F45F37DD3}.Release|Any CPU.Build.0 = Release|Any CPU
		{B7008D43-FD75-45BC-BF7D-332690755DF9}.Debug|Any CPU.ActiveCfg = Debug|Any CPU
		{B7008D43-FD75-45BC-BF7D-332690755DF9}.Debug|Any CPU.Build.0 = Debug|Any CPU
		{B7008D43-FD75-45BC-BF7D-332690755DF9}.Release|Any CPU.ActiveCfg = Release|Any CPU
		{B7008D43-FD75-45BC-BF7D-332690755DF9}.Release|Any CPU.Build.0 = Release|Any CPU
		{728A117D-5C6B-4EC5-8883-510F489CB729}.Debug|Any CPU.ActiveCfg = Debug|Any CPU
		{728A117D-5C6B-4EC5-8883-510F489CB729}.Debug|Any CPU.Build.0 = Debug|Any CPU
		{728A117D-5C6B-4EC5-8883-510F489CB729}.Release|Any CPU.ActiveCfg = Release|Any CPU
		{728A117D-5C6B-4EC5-8883-510F489CB729}.Release|Any CPU.Build.0 = Release|Any CPU
		{C02F89E8-03A5-408F-BF70-6AB4D9F77D12}.Debug|Any CPU.ActiveCfg = Debug|Any CPU
		{C02F89E8-03A5-408F-BF70-6AB4D9F77D12}.Debug|Any CPU.Build.0 = Debug|Any CPU
		{C02F89E8-03A5-408F-BF70-6AB4D9F77D12}.Release|Any CPU.ActiveCfg = Release|Any CPU
		{C02F89E8-03A5-408F-BF70-6AB4D9F77D12}.Release|Any CPU.Build.0 = Release|Any CPU
	EndGlobalSection
	GlobalSection(SolutionProperties) = preSolution
		HideSolutionNode = FALSE
	EndGlobalSection
	GlobalSection(NestedProjects) = preSolution
		{DEE26381-BA84-431D-9D15-42DC8F58E697} = {75B748DA-FBD9-48DD-9D25-45D2EE0208AA}
		{6224C1F8-E029-4F5F-B655-2D5BECF13BCB} = {75B748DA-FBD9-48DD-9D25-45D2EE0208AA}
		{22C59802-1CC3-482C-BED0-595E9E66BD40} = {75B748DA-FBD9-48DD-9D25-45D2EE0208AA}
		{BAF43B29-C181-4142-BF77-A2A74C1625E1} = {75B748DA-FBD9-48DD-9D25-45D2EE0208AA}
		{91258171-5514-403F-A791-ADD92E8F70B4} = {75B748DA-FBD9-48DD-9D25-45D2EE0208AA}
		{03D391FE-2A67-4BB0-94A1-0E79700B5793} = {75B748DA-FBD9-48DD-9D25-45D2EE0208AA}
		{396200E4-D075-4B96-A8E8-6D37A9CBC723} = {75B748DA-FBD9-48DD-9D25-45D2EE0208AA}
		{DC848185-FF91-4B3D-8C6E-9AC1069F2812} = {75B748DA-FBD9-48DD-9D25-45D2EE0208AA}
		{9B9D9221-6799-4A81-95AE-90C03C1996EB} = {75B748DA-FBD9-48DD-9D25-45D2EE0208AA}
		{A131AD30-978E-4E0C-B7B1-99ADE2CA683B} = {75B748DA-FBD9-48DD-9D25-45D2EE0208AA}
		{9271E76D-F827-4032-8BF9-64484265CE50} = {75B748DA-FBD9-48DD-9D25-45D2EE0208AA}
		{680CE802-0D17-46AF-AB7D-3DCB9D362B24} = {75B748DA-FBD9-48DD-9D25-45D2EE0208AA}
		{ACB0D078-F626-4B69-8B87-EEADB9C68BF1} = {75B748DA-FBD9-48DD-9D25-45D2EE0208AA}
		{97AB0998-5403-4B53-B0C2-27F70D3EB720} = {3D868B4F-4EB0-47CB-8691-C79DC26DEB66}
		{A1CBA33E-F49A-4F04-929A-DC6B752BD0E3} = {3D868B4F-4EB0-47CB-8691-C79DC26DEB66}
		{8579E0AD-C294-467E-887F-648F3426299B} = {3D868B4F-4EB0-47CB-8691-C79DC26DEB66}
		{6BBA4F3B-7B76-41E0-9C30-DCCD53DB161F} = {3D868B4F-4EB0-47CB-8691-C79DC26DEB66}
		{F2B0EC39-B4A7-4950-AF9B-8A0A76D962B4} = {3D868B4F-4EB0-47CB-8691-C79DC26DEB66}
		{15556068-9249-441A-B5E6-802FAB2BCEFF} = {3D868B4F-4EB0-47CB-8691-C79DC26DEB66}
		{4F60F91A-B53C-45FC-834B-1F4F975BF008} = {3D868B4F-4EB0-47CB-8691-C79DC26DEB66}
		{9E5DFF5A-7CD7-4C70-8B89-408ADA9DA625} = {3D868B4F-4EB0-47CB-8691-C79DC26DEB66}
		{B0A28E28-6692-430D-B4A5-8D99753571CD} = {3D868B4F-4EB0-47CB-8691-C79DC26DEB66}
		{8282F57A-BB06-4C60-8EA2-0F200C590363} = {3D868B4F-4EB0-47CB-8691-C79DC26DEB66}
		{A78A395B-7C4F-4943-A4BE-D84D0E8673F4} = {3D868B4F-4EB0-47CB-8691-C79DC26DEB66}
		{FFA44A2F-B4AF-48D5-92A6-E28C0744961A} = {3D868B4F-4EB0-47CB-8691-C79DC26DEB66}
		{80AD06A5-3D24-4AE8-BD0C-A0FAC7E7F0B8} = {3D868B4F-4EB0-47CB-8691-C79DC26DEB66}
		{D6D9F56A-A32B-47BE-A423-F253C95DCC91} = {3D868B4F-4EB0-47CB-8691-C79DC26DEB66}
		{9BC3E884-26CE-4A6E-9728-7EFECB35AB96} = {3D868B4F-4EB0-47CB-8691-C79DC26DEB66}
		{80DC3EFF-3378-4561-899F-79FAEB8C0DBC} = {3D868B4F-4EB0-47CB-8691-C79DC26DEB66}
		{A92E4812-524D-4B1F-B0A6-6D909766610E} = {463D5051-6165-4599-8C0B-906B6BC92BE3}
		{2AE8BF2F-F750-422F-99CB-3CDE0278592D} = {463D5051-6165-4599-8C0B-906B6BC92BE3}
		{B49E8754-1E20-4A5B-9419-EF3EA36AD170} = {463D5051-6165-4599-8C0B-906B6BC92BE3}
		{6392B5B6-E3C2-46AA-8200-7E612EF2225F} = {463D5051-6165-4599-8C0B-906B6BC92BE3}
		{513E275F-6C24-49E6-AFB4-347F03DBE802} = {463D5051-6165-4599-8C0B-906B6BC92BE3}
		{324BFD37-5C7F-4473-9E86-437A3F516B61} = {463D5051-6165-4599-8C0B-906B6BC92BE3}
		{5161A198-5F07-44AF-BFA2-D4BFE7A48913} = {463D5051-6165-4599-8C0B-906B6BC92BE3}
		{DA8FCED5-6B99-40CC-847F-CD1CCDE66CC4} = {463D5051-6165-4599-8C0B-906B6BC92BE3}
		{1444B9BA-F2FB-4C8F-8961-E70809BBFFDF} = {463D5051-6165-4599-8C0B-906B6BC92BE3}
		{65A031B4-487A-4320-A97C-E8CE0B23DF0D} = {463D5051-6165-4599-8C0B-906B6BC92BE3}
		{850EFBEB-8512-499D-911A-0B5D258C8836} = {463D5051-6165-4599-8C0B-906B6BC92BE3}
		{4305F583-0F07-4CA6-80D4-BC693013C5F0} = {463D5051-6165-4599-8C0B-906B6BC92BE3}
		{811FA78A-D0FA-4122-BEAB-BF789517F23C} = {CA207F3E-43D5-477C-8B2A-21AFA4A58C36}
		{D87915E7-8562-495F-8443-FB3E7636A425} = {CA207F3E-43D5-477C-8B2A-21AFA4A58C36}
		{6EC85E6F-554A-4457-8A61-043D840D61BC} = {CA207F3E-43D5-477C-8B2A-21AFA4A58C36}
		{B8670097-181B-4FA2-9941-93B6514D6999} = {CA207F3E-43D5-477C-8B2A-21AFA4A58C36}
		{E5F9C757-66D1-4E1B-B6CA-529F45F37DD3} = {CA207F3E-43D5-477C-8B2A-21AFA4A58C36}
		{B7008D43-FD75-45BC-BF7D-332690755DF9} = {CA207F3E-43D5-477C-8B2A-21AFA4A58C36}
		{728A117D-5C6B-4EC5-8883-510F489CB729} = {CA207F3E-43D5-477C-8B2A-21AFA4A58C36}
		{C02F89E8-03A5-408F-BF70-6AB4D9F77D12} = {CA207F3E-43D5-477C-8B2A-21AFA4A58C36}
	EndGlobalSection
	GlobalSection(ExtensibilityGlobals) = postSolution
		SolutionGuid = {8877039F-4D42-4314-81D1-03E4C7C7078B}
	EndGlobalSection
EndGlobal
